# This file is automatically @generated by Cargo.
# It is not intended for manual editing.
version = 3

[[package]]
name = "multiple_crate_versions"
version = "1.0.25"
dependencies = [
 "sub-crate 0.1.0",
 "sub-crate 0.2.0",
]

[[package]]
name = "sub-crate"
version = "0.1.0"

[[package]]
name = "sub-crate"
version = "0.2.0"
