[
    {
        "package": "chromium/fuchsia/host_tools/linux/amd64/chromedriver",
        "version": "version:151.0.7910.0",
        "instance_id": "l0tHxFfh1pmN6b65hKQYXIhefvNsksulwQ5H2oMtMiYC"
    },
    {
        "package": "chromium/fuchsia/web_engine/amd64/debug-symbols",
        "version": "version:151.0.7910.0",
        "instance_id": "U6UIAC3wLHlxqmW1Y96JOfexRY7wBwJyyOvh49DlaJgC"
    },
    {
        "package": "chromium/fuchsia/web_engine/amd64/tests",
        "version": "version:151.0.7910.0",
        "instance_id": "fbwawxGTkHWR18aITZtuZK-nbLhze6Y3SdlRimQxGx0C"
    },
    {
        "package": "chromium/fuchsia/web_engine/amd64/web_engine",
        "version": "version:151.0.7910.0",
        "instance_id": "keJjn6Zb1FCvDLrzhQ1WU5yuap0Q2oZwj9Fk-CLeItsC"
    },
    {
        "package": "chromium/fuchsia/web_engine/amd64/web_engine_shell",
        "version": "version:151.0.7910.0",
        "instance_id": "IzPcJLqfqca7K-6deOc_ZHc9cOEcqIsgKIs03GLlgFgC"
    },
    {
        "package": "chromium/fuchsia/web_engine/arm64/debug-symbols",
        "version": "version:151.0.7910.0",
        "instance_id": "9j3kDzUEJd-R3CL9MtztcTYT8ZNXJHVkOtQU0xCuGNIC"
    },
    {
        "package": "chromium/fuchsia/web_engine/arm64/tests",
        "version": "version:151.0.7910.0",
        "instance_id": "menQiSGc0aF-OZW1mcuk6FnK8_FJgpHZM3mopm-Q_AAC"
    },
    {
        "package": "chromium/fuchsia/web_engine/arm64/web_engine",
        "version": "version:151.0.7910.0",
        "instance_id": "_F2fCr1p2ublcdPZ4yrzeQ1sKH-ao1YaoYJOKrzsHSkC"
    },
    {
        "package": "chromium/fuchsia/web_engine/arm64/web_engine_shell",
        "version": "version:151.0.7910.0",
        "instance_id": "WFZie6WUOZbWU-ZeBV1yL9hvtIkZzWDgCl485hyQy4AC"
    },
    {
        "package": "fuchsia/cts/linux-amd64",
        "version": "git_revision:6704580c3d7f2a4cffc18cb21886d6fca124147b",
        "instance_id": "onNJIeYSKes2vBHA3jrBUzk0xAQ5Qeqfs3GYAdZQ-doC"
    },
    {
        "package": "fuchsia/dart-sdk/linux-amd64",
        "version": "git_revision:8296054868c970678d9baa2405437057be039119",
        "instance_id": "cIzniRJ6cOPukCCmeeGGHYY9zKbWjJWfo79-hF_CvloC"
    },
    {
        "package": "fuchsia/drivers/backlight/debug-symbols-x64",
        "version": "git_revision:25091161bc0a5750540ff2c4b73862e746d8c225",
        "instance_id": "YOP9781kkip-kcVAVc652wCVebx99esWg7ZO0tFEV6sC"
    },
    {
        "package": "fuchsia/drivers/backlight/x64",
        "version": "git_revision:25091161bc0a5750540ff2c4b73862e746d8c225",
        "instance_id": "xszoY6jKK24tdluHaPguCQ2NEiuFno7Gcfvk32vKuJ8C"
    },
    {
        "package": "fuchsia/drivers/rtc/board_input_bundle_set",
        "version": "git_revision:9e4d55033ef6af20fd91c058bce06da0a2a62341",
        "instance_id": "iZ3SrEsKCNGy8JcImcocf9R3zmgosTpEIpqsaNgQ3CUC"
    },
    {
        "package": "fuchsia/drivers/rtc/pcf8563/arm64",
        "version": "git_revision:9e4d55033ef6af20fd91c058bce06da0a2a62341",
        "instance_id": "QbP6JRKSeETsI2zexz4_nw4tt8wDXBFkp15ItI1vK-AC"
    },
    {
        "package": "fuchsia/drivers/rtc/pcf8563/debug-symbols-arm64",
        "version": "git_revision:9e4d55033ef6af20fd91c058bce06da0a2a62341",
        "instance_id": "De0rulFbLQNSPqC2seiGGwLjfGDZAZunauxix1V7mpgC"
    },
    {
        "package": "fuchsia/drivers/wlan/intel/iwlwifi/debug-symbols-x86_64",
        "version": "git_revision:ee7288a74cbd75b86f5e34f31c83d737212b0419",
        "instance_id": "nAioelvi-k_aCTLFLZU2CY3zdwALcEFY5OO1TiwT7pEC"
    },
    {
        "package": "fuchsia/drivers/wlan/intel/iwlwifi/x86_64",
        "version": "git_revision:ee7288a74cbd75b86f5e34f31c83d737212b0419",
        "instance_id": "Vc3fLWf5vwnfWVnjCupo8P_-Q92Z6fBDRSfa-zCUnLIC"
    },
    {
        "package": "fuchsia/firmware/arm-trusted-firmware-qemu-bios",
        "version": "version:arm-trusted-firmware=c17351450c8a513ca3f30f936e26a71db693a145;u-boot=127a42c7257a6ffbbd1575ed1cbaa8f5408a44b3,1",
        "instance_id": "2LlbOxGJ05FfVtA3ZemoXT-NRu1E81d3QiAECYS8hxIC"
    },
    {
        "package": "fuchsia/firmware/wlan/intel/iwlwifi",
        "version": "version:10",
        "instance_id": "9Ciaz9lEUJelUYsIxZLYMscPuEvCHEqJUTyZzzxMudoC"
    },
    {
        "package": "fuchsia/go/linux-amd64",
        "version": "git_revision:4e4dd43dc83e6aab6fedc61bdb4a9f6a8508640d",
        "instance_id": "olsSsw1L0XS7uj-T0FtsR91RcW6-OBujNmihHFkkjZoC"
    },
    {
        "package": "fuchsia/go/linux-arm64",
        "version": "git_revision:4e4dd43dc83e6aab6fedc61bdb4a9f6a8508640d",
        "instance_id": "Oh-oEWDCPJUhrMG5boo3OroshMxHvLN4UFoIJ4NSEVEC"
    },
    {
        "package": "fuchsia/gui_tools/fuchsia_devtools/linux-amd64",
        "version": "g3-revision:fuchsia_devtools_20210615_01_RC00",
        "instance_id": "owJ6kLSSz1V2TGayqwEpEocT8SwsonwN8fibB93Cn0kC"
    },
    {
        "package": "fuchsia/infra/acts",
        "version": "android-build-id:7840171",
        "instance_id": "r-4WA0JUNuBh3G41sCCw7vLeXqs3LlFOOxkTljIc5CwC"
    },
    {
        "package": "fuchsia/infra/artifacts/linux-amd64",
        "version": "git_revision:d843989857c98ceba98ca83f6dbee46c827a3ce5",
        "instance_id": "fr5QOOQcXHDUpq3dcyNhkZdgNUS7a2aqOCecWNgqZ9cC"
    },
    {
        "package": "fuchsia/infra/artifacts/linux-arm64",
        "version": "git_revision:d843989857c98ceba98ca83f6dbee46c827a3ce5",
        "instance_id": "K_qAeRFSH_hKJBpRkRGIAVYbY41akebybA2sDLBcUV8C"
    },
    {
        "package": "fuchsia/infra/lkg/linux-amd64",
        "version": "git_revision:d843989857c98ceba98ca83f6dbee46c827a3ce5",
        "instance_id": "UbKiKAugrjo7kLigGQTVTiuRKMHfyTumzcLdib81GDIC"
    },
    {
        "package": "fuchsia/infra/lkg/linux-arm64",
        "version": "git_revision:d843989857c98ceba98ca83f6dbee46c827a3ce5",
        "instance_id": "bteFJb7gx-Ivph1rC1Cqzg-AafQqYENFlzqWqKiEINgC"
    },
    {
        "package": "fuchsia/infra/zedmon/linux-amd64",
        "version": "git_revision:9765b27b5f39bb41a58edc893e7e8f2a0f1e20ef",
        "instance_id": "8bOD87VKTLXbshNJ8LvFb_MC1lsEbobbv1f1bHhRA3gC"
    },
    {
        "package": "fuchsia/lib/ffmpeg/fuchsia",
        "version": "git_revision:630708a169f42afd42bdc493651d2d03b55083b7",
        "instance_id": "lleVIZ2eN_KZsgWWeCxqMRchL9nO5ojIWRTX1n9WBh4C"
    },
    {
        "package": "fuchsia/prebuilt/bt-hci-virtual/arm64",
        "version": "git_revision:c8f1054ee9bbdda4f0c632807e5e97b4c5baa337",
        "instance_id": "_asEMQ1gN4Xij9efdm3I7ha4zmlAnuB6xkXOkAfvRqYC"
    },
    {
        "package": "fuchsia/prebuilt/bt-hci-virtual/debug-symbols-arm64",
        "version": "git_revision:c8f1054ee9bbdda4f0c632807e5e97b4c5baa337",
        "instance_id": "zlJqZk0oE22rLJI4JPPFHHA4hveHYqpJGvNsEMFdHqEC"
    },
    {
        "package": "fuchsia/prebuilt/bt-hci-virtual/debug-symbols-riscv64",
        "version": "git_revision:c8f1054ee9bbdda4f0c632807e5e97b4c5baa337",
        "instance_id": "RE8yHFnOpfcrdrMcyOWRgiTdys12uIGYl4xUrzY446AC"
    },
    {
        "package": "fuchsia/prebuilt/bt-hci-virtual/debug-symbols-x86_64",
        "version": "git_revision:c8f1054ee9bbdda4f0c632807e5e97b4c5baa337",
        "instance_id": "n01XmrEfDvu8lEj1hyUqpZKtxfb7294u5kvojomm-gEC"
    },
    {
        "package": "fuchsia/prebuilt/bt-hci-virtual/riscv64",
        "version": "git_revision:c8f1054ee9bbdda4f0c632807e5e97b4c5baa337",
        "instance_id": "k7fJXGFwEQdiIu-uFjtwu4Yhguk5FhTqWuGhgNFiloAC"
    },
    {
        "package": "fuchsia/prebuilt/bt-hci-virtual/x86_64",
        "version": "git_revision:c8f1054ee9bbdda4f0c632807e5e97b4c5baa337",
        "instance_id": "5xaYmJwj041QltGjAaHNbzk1hwND6TEjHtKmplF27okC"
    },
    {
        "package": "fuchsia/prebuilt/bt-host/arm64",
        "version": "git_revision:c8f1054ee9bbdda4f0c632807e5e97b4c5baa337",
        "instance_id": "YWSr-GKNfgqlIgLVNO0KWKBZfCpY_apEq9J-_6QDIa0C"
    },
    {
        "package": "fuchsia/prebuilt/bt-host/debug-symbols-arm64",
        "version": "git_revision:c8f1054ee9bbdda4f0c632807e5e97b4c5baa337",
        "instance_id": "xiKspUEVrukKTc-caRYOEeP28XZ9G_TE9YbJWPMkzsoC"
    },
    {
        "package": "fuchsia/prebuilt/bt-host/debug-symbols-riscv64",
        "version": "git_revision:c8f1054ee9bbdda4f0c632807e5e97b4c5baa337",
        "instance_id": "CaW_vOzaqi8517frJswGM12Tqd6Lw8kAnRrdaZqWALkC"
    },
    {
        "package": "fuchsia/prebuilt/bt-host/debug-symbols-x86_64",
        "version": "git_revision:c8f1054ee9bbdda4f0c632807e5e97b4c5baa337",
        "instance_id": "64xHwkyJHTVVGYqV5Utvmcq3kq_5tASzuD71akriBmEC"
    },
    {
        "package": "fuchsia/prebuilt/bt-host/riscv64",
        "version": "git_revision:c8f1054ee9bbdda4f0c632807e5e97b4c5baa337",
        "instance_id": "SkfUXfYj8tTI0KZamsVWgjTPlo8MZIMZhKWjm_nVkkoC"
    },
    {
        "package": "fuchsia/prebuilt/bt-host/x86_64",
        "version": "git_revision:c8f1054ee9bbdda4f0c632807e5e97b4c5baa337",
        "instance_id": "H6bWSlhMB_1QQ9l5DykEts7NKOampIitUCG6rOq1iZoC"
    },
    {
        "package": "fuchsia/prebuilt/proprietary/vendor/arm/libvulkan/libvulkan_arm_mali_g52_r0p0",
        "version": "git_revision:c909a0c8ef2f741cefebb8f4358052c43fe1b89e",
        "instance_id": "aRtUZgc5oueIxT4wQ6vH26y7zUnrekNFgcU29m5aprQC"
    },
    {
        "package": "fuchsia/prebuilt/third_party/firmware/vim3",
        "version": "u-boot:7963bb3826b86b0192a024876a33d3a62dc18c7e",
        "instance_id": "yJPx_up9lKoILOEHtaJ725oOfzvTsQk1892Rj9LfWSYC"
    },
    {
        "package": "fuchsia/sdk-samples/fortune-teller/debug-symbols-x64",
        "version": "git_revision:3e2ac06090d4bc2393a1e36894e572aa98ae0183",
        "instance_id": "_dLheFVBJTLUFeAZbzxlK1KkcI6EuInUxGDO7xytPWkC"
    },
    {
        "package": "fuchsia/sdk-samples/fortune-teller/x64",
        "version": "git_revision:3e2ac06090d4bc2393a1e36894e572aa98ae0183",
        "instance_id": "URXKlTWEl03cXkZ9X9S6ScXo_2ZJgmn-eubHwSp4FjoC"
    },
    {
        "package": "fuchsia/shac/linux-amd64",
        "version": "git_revision:82234204215cb9042386f6281182ce73ce4d9e4c",
        "instance_id": "0gPM6ybypQkFtiA_gLbXZTRmA9WTeWPT5p0lQgzeF9wC"
    },
    {
        "package": "fuchsia/shac/linux-arm64",
        "version": "git_revision:82234204215cb9042386f6281182ce73ce4d9e4c",
        "instance_id": "XwL6J_18FelMzFu_5MQbL48AzHIUASyXaSEA150v2XIC"
    },
    {
        "package": "fuchsia/starnix/alpine-image-amd64",
        "version": "git_revision:4193c6607c2038a65b88f8aaee7af75d096c68d5",
        "instance_id": "nnbhJuYhFesAauq2mqkU4dWyhDWiyHZtsM2pqVBIAMUC"
    },
    {
        "package": "fuchsia/starnix/alpine-image-arm64",
        "version": "git_revision:4193c6607c2038a65b88f8aaee7af75d096c68d5",
        "instance_id": "_CDuV-9QTFq-U1zsW0P9Xz9_L7_iiI9HkpdufYxCoo8C"
    },
    {
        "package": "fuchsia/starnix/tests/syscalls/linux-amd64",
        "version": "g3-revision:fuchsia_starnix_tests_20260624_02_RC00",
        "instance_id": "6Sgjwp7HiSemf62VM_AOBoU9iCeXjdN_lwxiz28ZhxEC"
    },
    {
        "package": "fuchsia/starnix/tests/syscalls/linux-arm64",
        "version": "g3-revision:fuchsia_starnix_tests_20260624_02_RC00",
        "instance_id": "F7OK7ZucR8O0LZYaNZ5FuEA5i1SvOD1K8ORgW8axa5gC"
    },
    {
        "package": "fuchsia/starnix/tests/syscalls/linux-debug-symbols-amd64",
        "version": "g3-revision:fuchsia_starnix_tests_20260624_02_RC00",
        "instance_id": "JUp-QmwiwKg1T2wYZ7-LMyyIOngGcCYefcYHsnPeteMC"
    },
    {
        "package": "fuchsia/starnix/tests/syscalls/linux-debug-symbols-arm64",
        "version": "g3-revision:fuchsia_starnix_tests_20260624_02_RC00",
        "instance_id": "N8rmglM6yOMmTmgv3grZoS6AvKQRbeXvXMfPgdp_vPcC"
    },
    {
        "package": "fuchsia/test_data/debug/rust_test_data",
        "version": "git_revision:0bde25bf8504b8c90a15175ecf75a6a54053a692",
        "instance_id": "H6dgcHysGUr_f8GaR7KAuztuTzeYtqC1WOD8b4-ENoQC"
    },
    {
        "package": "fuchsia/test_data/debug/sample_core",
        "version": "version:20190627",
        "instance_id": "s8Wjz9UYMnN2NJN78-FNc6Bi7QpVOu6TGh6CE0qJwscC"
    },
    {
        "package": "fuchsia/test_data/symbolizer/symbols",
        "version": "version:20201110",
        "instance_id": "kbo0YXw8vcgPYmo77d_mklY0D5kUpwgysU-6pB0KdUAC"
    },
    {
        "package": "fuchsia/third_party/3pp/bazel/linux-amd64",
        "version": "version:2@8.5.1.8",
        "instance_id": "63eTgKRVOJlxgsxd1zeZzNq6qQVJmkbTnXvDVLj0dVYC"
    },
    {
        "package": "fuchsia/third_party/3pp/bloaty/linux-amd64",
        "version": "version:2@e2fef510fcdc3334ed05fee495b11c7bb8e80b71",
        "instance_id": "aQ7xkwNlVTvpd4mHiqPP-7JhISWnyQSxpXmL3C4HxfMC"
    },
    {
        "package": "fuchsia/third_party/3pp/buildifier/linux-amd64",
        "version": "version:2@8.2.1.1",
        "instance_id": "Eh8fxT3qxNJYRbIUtc6gsR8VLrCmnWXogpFqH2l252AC"
    },
    {
        "package": "fuchsia/third_party/3pp/buildozer/linux-amd64",
        "version": "version:2@v8.0.2.1",
        "instance_id": "5nSOpOGhZCcYwcBZwdE-3GLMVC-Qkvkn_e2K7ZPC6UwC"
    },
    {
        "package": "fuchsia/third_party/3pp/dtsfmt/linux-amd64",
        "version": "version:2@0.8.0",
        "instance_id": "vNL1sqfN7JN-QPizy9YGiv20XZgD85l9jigbloZ6AMYC"
    },
    {
        "package": "fuchsia/third_party/3pp/dtsfmt/linux-arm64",
        "version": "version:2@0.8.0",
        "instance_id": "SoEe2OAI1iMYWosOEi867_EUawVl3M2cBL6Ye7UrhfAC"
    },
    {
        "package": "fuchsia/third_party/3pp/fsatrace/linux-amd64",
        "version": "version:2@293203db83ebf37e63bd5477daf5b26dc98f8667",
        "instance_id": "ECeS5hnhBMIivqjvx-ZjPX8m2-hklVfFmzNPAkrIojsC"
    },
    {
        "package": "fuchsia/third_party/3pp/gum/linux-amd64",
        "version": "version:2@0.16.0.1",
        "instance_id": "NvT8UXb5FPm9bsg8Svkx-OeCmWfyY_G0fN_sUc086kkC"
    },
    {
        "package": "fuchsia/third_party/3pp/gum/linux-arm64",
        "version": "version:2@0.16.0.1",
        "instance_id": "SwROJtz994HXjZ5XCbZBVZeGbPFIrY1FhkZNEs8d4_YC"
    },
    {
        "package": "fuchsia/third_party/3pp/iptables/linux-amd64",
        "version": "version:2@1.8.11.3",
        "instance_id": "GLxhc4g3K5Crp3KdIhXpHAfswlTBCqWCSsLjaLIvc1oC"
    },
    {
        "package": "fuchsia/third_party/3pp/iptables/linux-arm64",
        "version": "version:2@1.8.11.3",
        "instance_id": "CA9P7IyTULvLffZ1tPsIWRwpMlNC_Oi6bb8r_LloI-8C"
    },
    {
        "package": "fuchsia/third_party/3pp/keep-sorted/linux-amd64",
        "version": "version:2@0.8.0.1",
        "instance_id": "spkaG4t_QjuZZE-sWql2Yal8WJbzNgs2UkE1viuSxagC"
    },
    {
        "package": "fuchsia/third_party/3pp/keep-sorted/linux-arm64",
        "version": "version:2@0.8.0.1",
        "instance_id": "lTG_dvbWgRPfP900siwJ6wi2VBaoVq23ISg1W4I3gM4C"
    },
    {
        "package": "fuchsia/third_party/3pp/mcp-language-server/linux-amd64",
        "version": "version:2@0.1.1.cr0",
        "instance_id": "hFTgVo_2yEhQoxqQABn7kcd_3sV1ohWd7CSVxQWbIHwC"
    },
    {
        "package": "fuchsia/third_party/android/aemu/release-gfxstream/linux-amd64",
        "version": "bid:13279406",
        "instance_id": "vyFeetWMDQWxFDexo-JnYBtKSDSYrUra2dry6AcWLcMC"
    },
    {
        "package": "fuchsia/third_party/android/aemu/release-gfxstream/linux-arm64",
        "version": "bid:13279406",
        "instance_id": "CPQ2X54BD8p7ZpVdAnjOBjojprTI0P2XkgYAdvlayCYC"
    },
    {
        "package": "fuchsia/third_party/android/aemu/release/linux-amd64",
        "version": "bid:12929531",
        "instance_id": "jP_XkBhTr0nPKWAi13sM1fAJvYL6VJjUyMNoaW_vOyEC"
    },
    {
        "package": "fuchsia/third_party/android/aemu/release/linux-arm64",
        "version": "bid:12929531",
        "instance_id": "fEOsCxnjW-g6y7cuvl0TUxRRVGMdSyHGCGdJpHPj8HsC"
    },
    {
        "package": "fuchsia/third_party/android/gbl/mainline",
        "version": "bid:14942092",
        "instance_id": "kIlKfWCzi1hjZM-ExNwu0F5BQf5PLGIUFrLmx0TkddQC"
    },
    {
        "package": "fuchsia/third_party/android/libsparse/release/linux-amd64",
        "version": "bid:13155864",
        "instance_id": "1XvyD9yGD2oc4DeZP-2I1WfxzNFx9_G3jymXclZok3kC"
    },
    {
        "package": "fuchsia/third_party/aosp_gki/virt",
        "version": "bid:13906628",
        "instance_id": "kTGf9yslZgbbciD1PqQ9cRSLOx9hdpuWtcqam7Wx13QC"
    },
    {
        "package": "fuchsia/third_party/bazel_workspacelogparser",
        "version": "version:2@7.0.0-pre.20231018.3.1",
        "instance_id": "HpKxt69R7MJT4KU3HqHjC86B3IihyI1a3PPmOYFNyC4C"
    },
    {
        "package": "fuchsia/third_party/binutils-gdb/linux-amd64",
        "version": "git_revision:b8a175b415454df6a039ba0b5d2ff13c3c180275",
        "instance_id": "Guq6fDaHRYI6eSJlkPKHCG0Xzp7uLP4BGSEu9mHHy10C"
    },
    {
        "package": "fuchsia/third_party/binutils-gdb/linux-arm64",
        "version": "git_revision:b8a175b415454df6a039ba0b5d2ff13c3c180275",
        "instance_id": "4LI_YHOf3nIQ7Thh3epX4AMMfUIjLE6yqsJG0P75u6QC"
    },
    {
        "package": "fuchsia/third_party/black/linux-amd64",
        "version": "version:2@23.10.0.1",
        "instance_id": "4qoXh0ci2TZuemXlmI-ijJrDxhf1M2sppgQQy5oysKEC"
    },
    {
        "package": "fuchsia/third_party/clang/linux-amd64",
        "version": "git_revision:deb6854eec93529b2bd30178d400ad2ee7665cd4",
        "instance_id": "I8zOVJIhHp_XANhQs53amuyD0Nt62509rQfIumVlK6YC"
    },
    {
        "package": "fuchsia/third_party/clang/linux-arm64",
        "version": "git_revision:deb6854eec93529b2bd30178d400ad2ee7665cd4",
        "instance_id": "teXUQpsffhtKjvig-x95WW4eyR0grTy8BeUdOalzIisC"
    },
    {
        "package": "fuchsia/third_party/clang/mac-amd64",
        "version": "git_revision:deb6854eec93529b2bd30178d400ad2ee7665cd4",
        "instance_id": "jua0HJYXJ0UUxqzRNQq290WIkNb7TV7Gq2xd8UesAOAC"
    },
    {
        "package": "fuchsia/third_party/clang/mac-arm64",
        "version": "git_revision:deb6854eec93529b2bd30178d400ad2ee7665cd4",
        "instance_id": "TZVb203qjj0pTuPvKVxbsnjz8uJ840UVg9Bk00CeOtUC"
    },
    {
        "package": "fuchsia/third_party/clang/windows-amd64",
        "version": "git_revision:deb6854eec93529b2bd30178d400ad2ee7665cd4",
        "instance_id": "8lqjXVwVRRUVOgHm8XfnAZlGKEw50uj3dbizLrFqYFYC"
    },
    {
        "package": "fuchsia/third_party/cmake/linux-amd64",
        "version": "git_revision:7a989a581c8da2fe9822096ee00b288c376b6117",
        "instance_id": "AEnIwkKFpf7xjgK79jleHisKBDIQFzt9wy5be7NJndUC"
    },
    {
        "package": "fuchsia/third_party/cmake/linux-arm64",
        "version": "git_revision:7a989a581c8da2fe9822096ee00b288c376b6117",
        "instance_id": "ECgu4IVD0mfJf8ZUXlXACxynjy8za9DPHMcSehfyCioC"
    },
    {
        "package": "fuchsia/third_party/cmake/windows-amd64",
        "version": "git_revision:7a989a581c8da2fe9822096ee00b288c376b6117",
        "instance_id": "YTJTgKI62qdpXhIIA8KCkNwX5Va1Tp86GtLpYlWCnC8C"
    },
    {
        "package": "fuchsia/third_party/crosvm/linux-amd64",
        "version": "git_revision:658cb3d31388c2904faec539dfc351fbbbc2c783",
        "instance_id": "oAS2nj3jghLe4xfr0jeXK7kDMUmQdDfDFf6CdW9b604C"
    },
    {
        "package": "fuchsia/third_party/crosvm/linux-arm64",
        "version": "git_revision:658cb3d31388c2904faec539dfc351fbbbc2c783",
        "instance_id": "h4OzrXqOasuR7IWg9Z_ilCgGvSLl79Eyg77hioE_dlwC"
    },
    {
        "package": "fuchsia/third_party/dtc/linux-amd64",
        "version": "version:2@1.7.0",
        "instance_id": "29uDPfr6gBVUo1lYuhFwXRsdHUoxVg7VLtZsDpqDVJgC"
    },
    {
        "package": "fuchsia/third_party/dtc/linux-arm64",
        "version": "version:2@1.7.0",
        "instance_id": "_XO_A1AvizIaeTeMlr3JYFaukR-PVGzPIOCAZSimLfQC"
    },
    {
        "package": "fuchsia/third_party/edk2",
        "version": "git_revision:16779ede2d366bfc6b702e817356ccf43425bcc8,5",
        "instance_id": "TfGjbhGrxzU0x2fYk8elEgwMTrvwe-3DSPTQe4gb0tMC"
    },
    {
        "package": "fuchsia/third_party/fargo/linux-amd64",
        "version": "git_revision:44d385e90564b7d626e57624d78261723438f512",
        "instance_id": "bif6SQpLpc6CJ270P_KCChfKhfs3L3JlspbEHCupViIC"
    },
    {
        "package": "fuchsia/third_party/fastboot/linux-amd64",
        "version": "git_revision:3aed5fd2f3c004205c3a31b54dfa802148ec563b",
        "instance_id": "2MY_HAUvXhsn0qufs5S7Sqg6nT06UKO_cRiw7GzjboIC"
    },
    {
        "package": "fuchsia/third_party/fonts",
        "version": "git_revision:53ce919947100ae0e8fbe90dc9c5137246d356d1",
        "instance_id": "gbTNaCCcTbhST_iHyERnFCtBMc0I5cnetiT6z5jY7UoC"
    },
    {
        "package": "fuchsia/third_party/gcc/linux-amd64",
        "version": "git_revision:6ced2eede75b046b16c732b146a1d7803828a012,be3a9405ceb4d6d6f2dab49601049b45d2f783d7",
        "instance_id": "DOG8p6hYPlRb3wcBDn55D-8F476VA4pepEk_egsRSZUC"
    },
    {
        "package": "fuchsia/third_party/gcc/linux-arm64",
        "version": "git_revision:6ced2eede75b046b16c732b146a1d7803828a012,be3a9405ceb4d6d6f2dab49601049b45d2f783d7",
        "instance_id": "5ck6cKiBq211ZbA4pxS9w_K64E-eXGTWuMzSL2QU574C"
    },
    {
        "package": "fuchsia/third_party/grpcwebproxy/linux-amd64",
        "version": "git_revision:c71ae8fa744867b49f83d4c128a8facb96c9c848",
        "instance_id": "7etAvsKmomEDQWC68Mfpgq8Uq6_46fFuAl0LWy_FcnwC"
    },
    {
        "package": "fuchsia/third_party/jq/linux-amd64",
        "version": "git_revision:a17dd3248a666d01be75f6b16be37e80e20b0954",
        "instance_id": "tN0CPJbV2YwiOaYednM1g02wDkO-rJAKRCuRfwg6UKkC"
    },
    {
        "package": "fuchsia/third_party/jq/linux-arm64",
        "version": "git_revision:a17dd3248a666d01be75f6b16be37e80e20b0954",
        "instance_id": "B99d5H538hQqnU04lmWivDAc05SEgDkZIBH8oaeqyWcC"
    },
    {
        "package": "fuchsia/third_party/lldb/linux-amd64",
        "version": "git_revision:0f61051f541a5b8cfce25c84262dfdbadb9ca688",
        "instance_id": "yQk8Y94nXQNEenHt7l5RWy0oHvRSo-Sg-t0aX5jMDzsC"
    },
    {
        "package": "fuchsia/third_party/lldb/linux-arm64",
        "version": "git_revision:0f61051f541a5b8cfce25c84262dfdbadb9ca688",
        "instance_id": "re_37_RlIkEPLha6oneEF-VV7OcqXMxDCBMAv0icYFUC"
    },
    {
        "package": "fuchsia/third_party/lldb/mac-amd64",
        "version": "git_revision:0f61051f541a5b8cfce25c84262dfdbadb9ca688",
        "instance_id": "liIDzD-wFP0rvMr3YQfxryJC7ELGkc36RY1_8ZHLjDsC"
    },
    {
        "package": "fuchsia/third_party/lldb/mac-arm64",
        "version": "git_revision:0f61051f541a5b8cfce25c84262dfdbadb9ca688",
        "instance_id": "0ADEC8j_JUPU2Vevoq80Nv7rYiZ8HOe0cotSPKEnV30C"
    },
    {
        "package": "fuchsia/third_party/llvm/fuchsia-amd64",
        "version": "git_revision:5891d2c6e70db348cd7fab759bc03e85939a4601,30.20260127.4.1",
        "instance_id": "bmEMNLnmf0vfbtQ8zyqNgFUzR2oHDjag_oEpEL3lPN4C"
    },
    {
        "package": "fuchsia/third_party/llvm/fuchsia-arm64",
        "version": "git_revision:5891d2c6e70db348cd7fab759bc03e85939a4601,30.20260127.4.1",
        "instance_id": "PLU75839RSE31O9rU0ZQLysnjiIS27jMyJT0FqiZLpYC"
    },
    {
        "package": "fuchsia/third_party/llvm/linux-amd64",
        "version": "git_revision:2bf92787dfa5e59bfbc62edd397ecff051991ed3",
        "instance_id": "JiznyOpxmjgrss40z4sF1tykIxFMaNvJlzipV6he65IC"
    },
    {
        "package": "fuchsia/third_party/llvm/linux-arm64",
        "version": "git_revision:2bf92787dfa5e59bfbc62edd397ecff051991ed3",
        "instance_id": "RzTlTepFEDhKahYepE3mIDfR2keF-vp2y-if_c7lnm8C"
    },
    {
        "package": "fuchsia/third_party/ninja/linux-amd64",
        "version": "git_revision:6d743c5a8721094d0dae6256f171ddbc1a1f6c30",
        "instance_id": "kmETzeee0IgYcI5nNaZxQGdjRywOyKzl7SqgmA_nfiwC"
    },
    {
        "package": "fuchsia/third_party/ninja/linux-arm64",
        "version": "git_revision:6d743c5a8721094d0dae6256f171ddbc1a1f6c30",
        "instance_id": "q8SSKxqt94ufMnTSveJDMMIUlqeTTR57VSYtlXfTJiQC"
    },
    {
        "package": "fuchsia/third_party/ninja/windows-amd64",
        "version": "git_revision:6d743c5a8721094d0dae6256f171ddbc1a1f6c30",
        "instance_id": "SrHQuhsU203jd5AA-8KL0WPgQ14p9VKRO8RdeKidZwQC"
    },
    {
        "package": "fuchsia/third_party/openssh-portable/linux-amd64",
        "version": "version:2@9.1",
        "instance_id": "shdUvkWq4PwSHlMJtlf9W3tbxh_rUomHSbhwk6_UoUAC"
    },
    {
        "package": "fuchsia/third_party/openssh-portable/linux-arm64",
        "version": "version:2@9.1",
        "instance_id": "56gf7ew5kOwf7wO89-nI4rQHuUmQkoWShhQFRz8NfpsC"
    },
    {
        "package": "fuchsia/third_party/pigz/linux-amd64",
        "version": "version:2@2.7",
        "instance_id": "HeZ0sn9eRGabF7xjgwN0mtj6zIoLGquSew6bcXZeMKYC"
    },
    {
        "package": "fuchsia/third_party/pigz/linux-arm64",
        "version": "version:2@2.7",
        "instance_id": "dOBsjt7xCf-ysddiQUOUFkbfnwYTiZJS7wmsu0h3suAC"
    },
    {
        "package": "fuchsia/third_party/qemu/linux-amd64",
        "version": "git_revision:ae35f033b874c627d81d51070187fbf55f0bf1a7",
        "instance_id": "BQMJW6vmMgA_KYEdk7AsZccfZbcpImV3sswiLttdrR8C"
    },
    {
        "package": "fuchsia/third_party/qemu/linux-arm64",
        "version": "git_revision:ae35f033b874c627d81d51070187fbf55f0bf1a7",
        "instance_id": "MDf3sCxn9kct3Tg1oVRHch1hkzO6-9qZZFBRPT6jDuoC"
    },
    {
        "package": "fuchsia/third_party/rust-analyzer/linux-amd64",
        "version": "git_revision:e79b8223f7e0f000d75e7bf9a8f5b590ff7eb7f8",
        "instance_id": "BpJvY33KZBYiWAm28HWziE7-NKZ1BZaIkeMNq-QVVGQC"
    },
    {
        "package": "fuchsia/third_party/rust-analyzer/mac-amd64",
        "version": "git_revision:e79b8223f7e0f000d75e7bf9a8f5b590ff7eb7f8",
        "instance_id": "H-M8lFt_XknBUBUvTVp2p0ZAf6SbZgo0KznLsj1B1rMC"
    },
    {
        "package": "fuchsia/third_party/rust/host/linux-amd64",
        "version": "git_revisions:64a965e9013a9d14e83c4d370af26f6be6bf96fb,deb6854eec93529b2bd30178d400ad2ee7665cd4",
        "instance_id": "0D--ppsYsL2SLqvdy3hu_QNg_jm4fZgjZle8o5c9TIcC"
    },
    {
        "package": "fuchsia/third_party/rust/host/linux-arm64",
        "version": "git_revisions:64a965e9013a9d14e83c4d370af26f6be6bf96fb,deb6854eec93529b2bd30178d400ad2ee7665cd4",
        "instance_id": "bTXPYK9jCY6OhNW8ORYBsBWl50VpivBPtHbDhFwEi1cC"
    },
    {
        "package": "fuchsia/third_party/rust/host/mac-amd64",
        "version": "git_revisions:64a965e9013a9d14e83c4d370af26f6be6bf96fb,deb6854eec93529b2bd30178d400ad2ee7665cd4",
        "instance_id": "DcXouXA-WKZhzHVTnAAWPKuDR6e9wqYK_4GNpuDa7McC"
    },
    {
        "package": "fuchsia/third_party/rust/host/mac-arm64",
        "version": "git_revisions:64a965e9013a9d14e83c4d370af26f6be6bf96fb,deb6854eec93529b2bd30178d400ad2ee7665cd4",
        "instance_id": "xk4qiCbXjG0hB8yy4BE0m3fMZBQb_TEM7DY_Hv5AF7kC"
    },
    {
        "package": "fuchsia/third_party/rust/host/windows-amd64",
        "version": "git_revisions:64a965e9013a9d14e83c4d370af26f6be6bf96fb,deb6854eec93529b2bd30178d400ad2ee7665cd4",
        "instance_id": "slgxqJHmNZ3zTnAkoNjGDrLOTZittG8-_ZWkmXbE8TAC"
    },
    {
        "package": "fuchsia/third_party/rust/target/aarch64-apple-darwin",
        "version": "git_revisions:64a965e9013a9d14e83c4d370af26f6be6bf96fb,deb6854eec93529b2bd30178d400ad2ee7665cd4",
        "instance_id": "cqjxlsqsU__Rc1gKmhJgv_teJ_QOy2kiz2u-nEO3lioC"
    },
    {
        "package": "fuchsia/third_party/rust/target/aarch64-unknown-linux-gnu",
        "version": "git_revisions:64a965e9013a9d14e83c4d370af26f6be6bf96fb,deb6854eec93529b2bd30178d400ad2ee7665cd4",
        "instance_id": "wHOnQp4TlAzdIUNCuQExrk2BBF2lXzU3ESUdSyzrklYC"
    },
    {
        "package": "fuchsia/third_party/rust/target/fuchsia",
        "version": "git_revisions:64a965e9013a9d14e83c4d370af26f6be6bf96fb,deb6854eec93529b2bd30178d400ad2ee7665cd4",
        "instance_id": "EzjDH5BkxnL_zzeTrRa6Uy_W5NsPgjr7otcv4iQ9NmkC"
    },
    {
        "package": "fuchsia/third_party/rust/target/riscv64gc-unknown-linux-gnu",
        "version": "git_revisions:64a965e9013a9d14e83c4d370af26f6be6bf96fb,deb6854eec93529b2bd30178d400ad2ee7665cd4",
        "instance_id": "pd3JcZxLw4sZ31nDvhlhQXCHuPpuPg6tl3K5q1qkDBYC"
    },
    {
        "package": "fuchsia/third_party/rust/target/wasm32-unknown-unknown",
        "version": "git_revision:8c0b4f67c9b4bf477df38c16669fd576d46a2b3d",
        "instance_id": "OvR9WVwRTThTxlHFNVjrLD456ZYXDfBf7jbXv2-GKbIC"
    },
    {
        "package": "fuchsia/third_party/rust/target/x86_64-apple-darwin",
        "version": "git_revisions:64a965e9013a9d14e83c4d370af26f6be6bf96fb,deb6854eec93529b2bd30178d400ad2ee7665cd4",
        "instance_id": "-8oq658XQneTTsOcCiKF6VtVTSVjxIZhDjDQbEWhR1kC"
    },
    {
        "package": "fuchsia/third_party/rust/target/x86_64-unknown-linux-gnu",
        "version": "git_revisions:64a965e9013a9d14e83c4d370af26f6be6bf96fb,deb6854eec93529b2bd30178d400ad2ee7665cd4",
        "instance_id": "GfYLnaLFlM93gJTBiCIqPxNRlJN-Z_d1n2vd0aS8H_QC"
    },
    {
        "package": "fuchsia/third_party/rust_bindgen/linux-amd64",
        "version": "git_revisions:2048231f45c87cd65d7891f55090aac81cc0d66b,6e9694a1c32d27b9fb23aa0a4a71171c08a0597a",
        "instance_id": "taYHDuvekY21eDvchEjgTtr-zY0PwNYGzVfG0Gn4fV4C"
    },
    {
        "package": "fuchsia/third_party/rust_bindgen/linux-arm64",
        "version": "git_revisions:2048231f45c87cd65d7891f55090aac81cc0d66b,6e9694a1c32d27b9fb23aa0a4a71171c08a0597a",
        "instance_id": "28wh-qrn6c9YEMsM9iioNwpOoTj6ejU5mdWRYscIwTgC"
    },
    {
        "package": "fuchsia/third_party/rust_cargo_outdated/linux-amd64",
        "version": "git_revision:e522710a7bcd7e8150152cc9c99037a09d33ed11",
        "instance_id": "jvs0jiZdKL78jIwuFdGhETLUZkRGRZhBC-DFGk-1m1gC"
    },
    {
        "package": "fuchsia/third_party/starnix/fuse-overlayfs-amd64",
        "version": "version:746960bdbe1b9abed91b8224d186941d5510a223",
        "instance_id": "xoZxhWge-l7vyaV6k6ykdWbxOwzQ_Jq0-T0DZrCwCu0C"
    },
    {
        "package": "fuchsia/third_party/starnix/fuse-overlayfs-arm64",
        "version": "version:746960bdbe1b9abed91b8224d186941d5510a223",
        "instance_id": "vkPxpb-eQyLUERBn4IzScH7hhjrJbz6BRajhZNYT7DAC"
    },
    {
        "package": "fuchsia/third_party/starnix/linux-amd64",
        "version": "version:debian-sid-glibc-2.41-6",
        "instance_id": "sj2p7OFlbalx4_oTTGZ6R5WafRTd6i2Huwh5eh8weT8C"
    },
    {
        "package": "fuchsia/third_party/starnix/linux-arm64",
        "version": "version:debian-sid-glibc-2.41-6",
        "instance_id": "XlgMMyjZDbygAmoY3CU3dZaZzsuYHqInQNrxIMP6E7wC"
    },
    {
        "package": "fuchsia/third_party/starnix/linux-armhf",
        "version": "version:debian-sid-glibc-2.41-6",
        "instance_id": "4zOpyeHOJaqzi_qkRGUfvhq86QWlGj2GwBwgMYeem0sC"
    },
    {
        "package": "fuchsia/third_party/starnix/linux-debug-symbols-amd64",
        "version": "version:debian-sid-glibc-2.41-6",
        "instance_id": "olfmDffeBgoit6p6l8ByUNcO5DGkCiPTsy1qUg4EES4C"
    },
    {
        "package": "fuchsia/third_party/starnix/linux-debug-symbols-arm64",
        "version": "version:debian-sid-glibc-2.41-6",
        "instance_id": "_Brl6WMJhZE2HG87D-cMYtEQVN3-42s9NP_InrcOVkEC"
    },
    {
        "package": "fuchsia/third_party/starnix/linux-debug-symbols-armhf",
        "version": "version:debian-sid-glibc-2.41-6",
        "instance_id": "oWAausuoXIGDMcZRTFCTbgVFvBxPwvxkS3AqCpVofbcC"
    },
    {
        "package": "fuchsia/third_party/starnix/linux-debug-symbols-riscv64",
        "version": "version:debian-sid-glibc-2.41-6",
        "instance_id": "J376GUPYgeargp7QFQ6z0DKcEwbFNf2qL6MPNlBMl5wC"
    },
    {
        "package": "fuchsia/third_party/starnix/linux-riscv64",
        "version": "version:debian-sid-glibc-2.41-6",
        "instance_id": "TGTW6s2766o8VxviIaCR0nzgP1SV9YMAEoyo4ctH4pEC"
    },
    {
        "package": "fuchsia/third_party/sysroot/focal",
        "version": "git_revision:702eb9654703a7cec1cadf93a7e3aa269d053943",
        "instance_id": "36GE6RRPhBro9QANUYSjlnT6upqJkOkkJfTcmryCunQC"
    },
    {
        "package": "fuchsia/third_party/sysroot/linux",
        "version": "git_revision:cf821ee2dbc2ed61dfc25a814dcc8d090f9fda03",
        "instance_id": "dCkoVcYlgGIP_pmR61ZMIrSDgdrV81BtxcPeTRuyqlUC"
    },
    {
        "package": "fuchsia/third_party/tzres",
        "version": "version:2024a",
        "instance_id": "GtoH36uX4w1e7kci8yDflYfIDrs4D_rEEiQJPiMlvmoC"
    },
    {
        "package": "fuchsia/third_party/ucd",
        "version": "version:12.1.0rc1",
        "instance_id": "LQsbST4YT4horZnrcDCB8mkli3_FiCqudYrVN_5YPFgC"
    },
    {
        "package": "fuchsia/third_party/vulkan_runtime/linux-amd64",
        "version": "build_config:ac2f8ba8ed2d607042d92d62aa72ba5b4bf4ef4bcd1f56322fb279780f27d6bc",
        "instance_id": "uD8TZ08psIxv05JJjgMQb2FIskLx8PCF4HEDN0NKw8kC"
    },
    {
        "package": "fuchsia/third_party/zoneinfo",
        "version": "version:2024a",
        "instance_id": "z6XB8XrWSg3ojZNtJGK_h27N-zLKDVi73_9ZopJs2JcC"
    },
    {
        "package": "fuchsia/tools/breakpad/linux-amd64",
        "version": "git_revision:e35d1d09ae73eb18e28d11881ec724c279964991",
        "instance_id": "oVkFuqldVVnPurUHyzbUxnnaXdKbpy5g8G2tfmKs2HUC"
    },
    {
        "package": "fuchsia/tools/buildidtool/linux-amd64",
        "version": "git_revision:7ca22c44fa2bd62630ebe2734db14628436d6560",
        "instance_id": "lWZU7Ec0l6zFLTwAGLt4rcNDLn288YZfjCFNJMVoKDoC"
    },
    {
        "package": "fuchsia/tools/buildstats/linux-amd64",
        "version": "git_revision:7ca22c44fa2bd62630ebe2734db14628436d6560",
        "instance_id": "Fk5h5rMU9JuwBwkHzjRf-SHWIZh81k4iHePQbjCOaeYC"
    },
    {
        "package": "fuchsia/tools/cgpt/linux-amd64",
        "version": "git_revision:1d2e3387ad0b8137b053afc7c9475a10277ed095",
        "instance_id": "L7fhFeYI-mnW1WkAHOS8Cw1BSCTdZu-IaeNqmjn7jYcC"
    },
    {
        "package": "fuchsia/tools/futility/linux-amd64",
        "version": "git_revision:abc239f32aa70d658dceaa6e2b5e71960b5104c7",
        "instance_id": "e8BEbQ_frw2q6NBlBB1NLQHimWO8YV6sIwH2wxXqczYC"
    },
    {
        "package": "fuchsia/tools/ninjatrace/linux-amd64",
        "version": "git_revision:f81450147e05d39b1bd616e61a56d9b06a81b647",
        "instance_id": "n-KYS3Vypo2NTNqiCx2xHYKwg4RR4BPiZOrqzSNqhHQC"
    },
    {
        "package": "fuchsia/tools/rsclient/linux-amd64",
        "version": "git_revision:ad2486255b87854dd6858eb9afd5dd4c22a32cfa",
        "instance_id": "2rv-0aEbYwxTQU9pGarzs_eB4_bkU9nhS66z0PqgwTEC"
    },
    {
        "package": "fuchsia_internal/firmware/bluetooth/broadcom",
        "version": "version:021",
        "instance_id": "Z1VL0wuKlmcJnvblwQQ5cs_Ng3UvYvl98H0xs3CrHFAC"
    },
    {
        "package": "fuchsia_internal/firmware/bluetooth/qualcomm_atheros",
        "version": "git_revision:7b5835fd37630d18ac0c755329172f6a17c1af29",
        "instance_id": "b305ffcc0e7a340159203536e26ba58e6e987c94"
    },
    {
        "package": "fuchsia_internal/firmware/intel-adsp-sst",
        "version": "git_revision:4c0bf113a55975d702673e57c5542f150807ad66",
        "instance_id": "NC0gy5Ej51GElpWUQXzO6Q1d5hPLV4Z4c1mbhDLuhfcC"
    },
    {
        "package": "fuchsia_internal/firmware/wlan/broadcom/brcmfmac",
        "version": "version:35.1",
        "instance_id": "LwlEPv_9dJIqQOMOqjVkDOfFgTtPhkDUIT1aZPkyNNIC"
    },
    {
        "package": "fuchsia_internal/firmware/wlan/synaptics/synadhd",
        "version": "version:5",
        "instance_id": "rJ0xTp3YVMcmpTPUxwL-3m7LrHvJ3nfsnRRh7O6PFbgC"
    },
    {
        "package": "fuchsia_internal/linux/performance_image",
        "version": "revision:d21e6776",
        "instance_id": "14-W99UZHAAk7sJkZ6AR266JDjhjma0ZMr4P-gK_dG8C"
    },
    {
        "package": "fuchsia_internal/test_data/debug/large_test_data",
        "version": "git_revision:e51da43d6a6e10bea4669473a477f13bac9b8652",
        "instance_id": "Gjd86_YdwJc8GHpKJVukLdyrNoyYsIBtyIAmcuDQSJQC"
    },
    {
        "package": "gn/gn/linux-amd64",
        "version": "git_revision:d31e02004d860452bc7273f002f6890d0adc94fa",
        "instance_id": "Dqg2jkNks_4yiiN1Obdov-g82x1jouNXwdlmmJtXGDkC"
    },
    {
        "package": "gn/gn/linux-arm64",
        "version": "git_revision:d31e02004d860452bc7273f002f6890d0adc94fa",
        "instance_id": "2KQF55VmQmC7iFqw4tcDJUU0RO5Jl7ZJVgLT7aAP2NYC"
    },
    {
        "package": "infra/3pp/tools/cpython3/linux-amd64",
        "version": "version:2@3.11.3.chromium.29",
        "instance_id": "3ywmFUOaOaFOgNvtlG9w1GSzYXssvcYo2UvqnTfZsNsC"
    },
    {
        "package": "infra/3pp/tools/cpython3/linux-arm64",
        "version": "version:2@3.11.3.chromium.29",
        "instance_id": "0qXKGBfVL46r9dvOdXb3MG9qiTF9uyoqOldOM5_K1BoC"
    },
    {
        "package": "infra/python/wheels/protobuf-py3",
        "version": "version:6.33.0",
        "instance_id": "cutiHuc7faTiBiWvoTtbsp9AHAaErwYjxnmf4Gm90OAC"
    },
    {
        "package": "infra/python/wheels/pydantic_core/linux-amd64_cp311_cp311",
        "version": "version:2.33.2",
        "instance_id": "P7WR3vzbmGZr52J-TaV7LdG8CVlKlgGyY3Wd-umuJMAC"
    },
    {
        "package": "infra/rbe/client/linux-amd64",
        "version": "re_client_version:0.186.0.305f6525-gomaip",
        "instance_id": "OX0cYZjPNeReP2zz5JquuZ-ryOARxgxaxGYqe06-x4oC"
    },
    {
        "package": "infra/tools/bb/linux-amd64",
        "version": "git_revision:f5f7071211e447296f9b2fa728c97bd0decd6d97",
        "instance_id": "HC7aXLj08Gu3YGPAjTrEfFC3LL9cGtcX_NBNvluq2aUC"
    },
    {
        "package": "infra/tools/bb/linux-arm64",
        "version": "git_revision:f5f7071211e447296f9b2fa728c97bd0decd6d97",
        "instance_id": "G-jRXO0oQRr6v7h96h0OLsymAGwzNPoeQ0hT2ToHU2YC"
    },
    {
        "package": "infra/tools/luci/cas/linux-amd64",
        "version": "git_revision:f5f7071211e447296f9b2fa728c97bd0decd6d97",
        "instance_id": "0__6KZeP6L4jYglCZ7bZNmJzPuIMsQ5SeE6mm9cFLmwC"
    },
    {
        "package": "infra/tools/luci/cas/linux-arm64",
        "version": "git_revision:f5f7071211e447296f9b2fa728c97bd0decd6d97",
        "instance_id": "9g_W2pOnOlowlc4jg7_4t_ggsEeZuXQlHjAo1QwQldoC"
    },
    {
        "package": "infra/tools/luci/gsutil/linux-amd64",
        "version": "git_revision:f5f7071211e447296f9b2fa728c97bd0decd6d97",
        "instance_id": "uR75t8Fln8CCvuwwh40qe_bwLu0kCIBKQ4-i4leWXS8C"
    },
    {
        "package": "infra/tools/luci/gsutil/linux-arm64",
        "version": "git_revision:f5f7071211e447296f9b2fa728c97bd0decd6d97",
        "instance_id": "t1JThC_92c36bkjnTohyWmK64hStF08j0JOl25xaEW4C"
    },
    {
        "package": "infra/tools/luci/logdog/logdog/linux-amd64",
        "version": "git_revision:f5f7071211e447296f9b2fa728c97bd0decd6d97",
        "instance_id": "dn1OxPLr-IFHqPx2b5v8IEJsyOtoVv-yaSltyr4rXBAC"
    },
    {
        "package": "infra/tools/luci/logdog/logdog/linux-arm64",
        "version": "git_revision:f5f7071211e447296f9b2fa728c97bd0decd6d97",
        "instance_id": "gBoeKPXHefNQP7WCSfthj9HmGUojIXHfMHkwRRvNDGQC"
    },
    {
        "package": "infra/tools/luci/vpython3/linux-amd64",
        "version": "git_revision:d29aedef008537a54ca177ec0a7933a2f06aa90c",
        "instance_id": "3o3XGLlfd2yeAAURzdahuWiH8wG2AJ3EXFPeHA7OHz8C"
    },
    {
        "package": "infra/tools/luci/vpython3/linux-arm64",
        "version": "git_revision:d29aedef008537a54ca177ec0a7933a2f06aa90c",
        "instance_id": "ArloyGWzYTEydPwV_UtasYfuwjtJPjILqml-cFXrIV8C"
    },
    {
        "package": "infra/tools/rdb/linux-amd64",
        "version": "git_revision:f769e04338c2db24c3697f00ede9cadbd3ee7582",
        "instance_id": "sx64eFlNQHTEPbbhmaCpdmRAgv7YNPYsZwZIWHHtOWcC"
    },
    {
        "package": "infra/tools/rdb/linux-arm64",
        "version": "git_revision:f769e04338c2db24c3697f00ede9cadbd3ee7582",
        "instance_id": "uC_ADZ5L_1bPBlvcjo7LFnZhJ8kC2EM1XjH6ReUz_8oC"
    },
    {
        "package": "perfetto/trace_processor_shell/linux-amd64",
        "version": "git_tag:v56.1",
        "instance_id": "GxOwQQH-FFk3v7wVZjgYNSrWRbK-N9UqJOc_EmdGaHgC"
    }
]