[
    {
        "package": "chromium/fuchsia/host_tools/linux/amd64/chromedriver",
        "version": "version:148.0.7731.0",
        "instance_id": "Q3WhE1kzCZt-ROB4vdwXbxTVZq_4DnJperWuzfVJurkC"
    },
    {
        "package": "chromium/fuchsia/web_engine/amd64/debug-symbols",
        "version": "version:148.0.7731.0",
        "instance_id": "40nZIRtCB4Q_hrZpkJn-C0911v8sSAWpA01B4VQCM-cC"
    },
    {
        "package": "chromium/fuchsia/web_engine/amd64/tests",
        "version": "version:148.0.7731.0",
        "instance_id": "N6EbGUhbumy74Bu5zYwaJ7uJFSmCgQp0mfBXN9XBpJwC"
    },
    {
        "package": "chromium/fuchsia/web_engine/amd64/web_engine",
        "version": "version:148.0.7731.0",
        "instance_id": "4l78wbfuMQQX-ocOmuA6vkEURK0LGKwHtbLhfiQsvI0C"
    },
    {
        "package": "chromium/fuchsia/web_engine/amd64/web_engine_shell",
        "version": "version:148.0.7731.0",
        "instance_id": "honnUgT_d5z3naZHg_M5veVYu5IDIVDNsnRemiU-2o4C"
    },
    {
        "package": "chromium/fuchsia/web_engine/arm64/debug-symbols",
        "version": "version:148.0.7731.0",
        "instance_id": "jJiYl4qGWSeBySJ8C1lJEx55BFKtZ7apAFs18Qd55wAC"
    },
    {
        "package": "chromium/fuchsia/web_engine/arm64/tests",
        "version": "version:148.0.7731.0",
        "instance_id": "IigYxf2YA8OXqYhShAK87TwvNC_HF9TBIPX48fK6jdkC"
    },
    {
        "package": "chromium/fuchsia/web_engine/arm64/web_engine",
        "version": "version:148.0.7731.0",
        "instance_id": "XXEOxw-mL97MTfsnrR0VoR907NyGBnf-8IQ4z5IRfCcC"
    },
    {
        "package": "chromium/fuchsia/web_engine/arm64/web_engine_shell",
        "version": "version:148.0.7731.0",
        "instance_id": "2JmR7NCd2xF58h3zvGVRH8m0WKVJOCKVlr9eRGfodDIC"
    },
    {
        "package": "fuchsia/cts/linux-amd64",
        "version": "git_revision:33e0bdcdbdbfb4e04b60fa84e55f4fec95b09d0d",
        "instance_id": "dmzA1f5vqRk8gxij4KOnXxQcoZTXSE-FbPhdIG-wZMkC"
    },
    {
        "package": "fuchsia/dart-sdk/linux-amd64",
        "version": "git_revision:8296054868c970678d9baa2405437057be039119",
        "instance_id": "cIzniRJ6cOPukCCmeeGGHYY9zKbWjJWfo79-hF_CvloC"
    },
    {
        "package": "fuchsia/drivers/backlight/debug-symbols-x64",
        "version": "git_revision:25091161bc0a5750540ff2c4b73862e746d8c225",
        "instance_id": "YOP9781kkip-kcVAVc652wCVebx99esWg7ZO0tFEV6sC"
    },
    {
        "package": "fuchsia/drivers/backlight/x64",
        "version": "git_revision:25091161bc0a5750540ff2c4b73862e746d8c225",
        "instance_id": "xszoY6jKK24tdluHaPguCQ2NEiuFno7Gcfvk32vKuJ8C"
    },
    {
        "package": "fuchsia/drivers/msd-arm-mali/debug/arm64",
        "version": "git_revision:f963806bc6ef648594006eef329d4741729eff4b",
        "instance_id": "5fRBivdF0b14pfwl2x56KnU8mxS0fd_zv5BEJJ1LvBgC"
    },
    {
        "package": "fuchsia/drivers/msd-arm-mali/debug/debug-symbols-arm64",
        "version": "git_revision:f963806bc6ef648594006eef329d4741729eff4b",
        "instance_id": "2TsAOwkuohcolvReUDg9Tnr1_SLcPVnQo2sVz02i6GIC"
    },
    {
        "package": "fuchsia/drivers/msd-arm-mali/release/arm64",
        "version": "git_revision:f963806bc6ef648594006eef329d4741729eff4b",
        "instance_id": "irMMoi04NscVsZumTLwCF5VqqrO2n_O26L71ld69UvcC"
    },
    {
        "package": "fuchsia/drivers/msd-arm-mali/release/debug-symbols-arm64",
        "version": "git_revision:f963806bc6ef648594006eef329d4741729eff4b",
        "instance_id": "k4JxgbbzUhopPSqgzn1NZEt2KlaUPVVHRxkN4M4QbwEC"
    },
    {
        "package": "fuchsia/drivers/rtc/board_input_bundle_set",
        "version": "git_revision:9e4d55033ef6af20fd91c058bce06da0a2a62341",
        "instance_id": "iZ3SrEsKCNGy8JcImcocf9R3zmgosTpEIpqsaNgQ3CUC"
    },
    {
        "package": "fuchsia/drivers/rtc/pcf8563/arm64",
        "version": "git_revision:9e4d55033ef6af20fd91c058bce06da0a2a62341",
        "instance_id": "QbP6JRKSeETsI2zexz4_nw4tt8wDXBFkp15ItI1vK-AC"
    },
    {
        "package": "fuchsia/drivers/rtc/pcf8563/debug-symbols-arm64",
        "version": "git_revision:9e4d55033ef6af20fd91c058bce06da0a2a62341",
        "instance_id": "De0rulFbLQNSPqC2seiGGwLjfGDZAZunauxix1V7mpgC"
    },
    {
        "package": "fuchsia/drivers/wlan/intel/iwlwifi/debug-symbols-x86_64",
        "version": "git_revision:abf6707863a0a483fb918cadfc0af03311f30418",
        "instance_id": "ixXXHu-11LgE4rD8qdRdpI8chMORooFBpknl-DZoa5wC"
    },
    {
        "package": "fuchsia/drivers/wlan/intel/iwlwifi/x86_64",
        "version": "git_revision:abf6707863a0a483fb918cadfc0af03311f30418",
        "instance_id": "eZtHuB9XZecFiHXSwlxwkQwD-Wr128G1MJXO8vsIS2EC"
    },
    {
        "package": "fuchsia/firmware/arm-trusted-firmware-qemu-bios",
        "version": "version:arm-trusted-firmware=c17351450c8a513ca3f30f936e26a71db693a145;u-boot=127a42c7257a6ffbbd1575ed1cbaa8f5408a44b3,1",
        "instance_id": "2LlbOxGJ05FfVtA3ZemoXT-NRu1E81d3QiAECYS8hxIC"
    },
    {
        "package": "fuchsia/firmware/wlan/intel/iwlwifi",
        "version": "version:10",
        "instance_id": "9Ciaz9lEUJelUYsIxZLYMscPuEvCHEqJUTyZzzxMudoC"
    },
    {
        "package": "fuchsia/go/linux-amd64",
        "version": "git_revision:4e4dd43dc83e6aab6fedc61bdb4a9f6a8508640d",
        "instance_id": "olsSsw1L0XS7uj-T0FtsR91RcW6-OBujNmihHFkkjZoC"
    },
    {
        "package": "fuchsia/go/linux-arm64",
        "version": "git_revision:4e4dd43dc83e6aab6fedc61bdb4a9f6a8508640d",
        "instance_id": "Oh-oEWDCPJUhrMG5boo3OroshMxHvLN4UFoIJ4NSEVEC"
    },
    {
        "package": "fuchsia/gui_tools/fuchsia_devtools/linux-amd64",
        "version": "g3-revision:fuchsia_devtools_20210615_01_RC00",
        "instance_id": "owJ6kLSSz1V2TGayqwEpEocT8SwsonwN8fibB93Cn0kC"
    },
    {
        "package": "fuchsia/infra/acts",
        "version": "android-build-id:7840171",
        "instance_id": "r-4WA0JUNuBh3G41sCCw7vLeXqs3LlFOOxkTljIc5CwC"
    },
    {
        "package": "fuchsia/infra/artifacts/linux-amd64",
        "version": "git_revision:4d0832425f84f09285dcc699d0d3391b2a4ff7ed",
        "instance_id": "RHMyi2B3xC_r7h8SN71qYLXIGZ60sWfC5CB5nNTq6doC"
    },
    {
        "package": "fuchsia/infra/artifacts/linux-arm64",
        "version": "git_revision:4d0832425f84f09285dcc699d0d3391b2a4ff7ed",
        "instance_id": "s8JXQk_1uJ9AnciB_9sN6Q_-6Wf793nathIKl5z-XTsC"
    },
    {
        "package": "fuchsia/infra/lkg/linux-amd64",
        "version": "git_revision:4d0832425f84f09285dcc699d0d3391b2a4ff7ed",
        "instance_id": "TbdI0kUHapmpszoajUOzxkj-yY4MijBs4WBDMx9b_v4C"
    },
    {
        "package": "fuchsia/infra/lkg/linux-arm64",
        "version": "git_revision:4d0832425f84f09285dcc699d0d3391b2a4ff7ed",
        "instance_id": "8gugxbJOkBKlzLURqAM3KYBHa_Ze9UMOkzzUUzfHDCIC"
    },
    {
        "package": "fuchsia/infra/zedmon/linux-amd64",
        "version": "git_revision:9765b27b5f39bb41a58edc893e7e8f2a0f1e20ef",
        "instance_id": "8bOD87VKTLXbshNJ8LvFb_MC1lsEbobbv1f1bHhRA3gC"
    },
    {
        "package": "fuchsia/lib/ffmpeg/fuchsia",
        "version": "git_revision:27cd7c51713120db55e85bedb341649bc5ed09cd",
        "instance_id": "SyFlik1-AlMB1fbaBDvLg78S6gNvx8CC6B9d2B4VQb0C"
    },
    {
        "package": "fuchsia/prebuilt/bt-hci-virtual/arm64",
        "version": "git_revision:5513af6b7366c3c3da1f8bcb90e0b81e7859f0aa",
        "instance_id": "bzruCz222hrbKtXY4cQR2WuPkpwaLwWg9Yap8oqr7NYC"
    },
    {
        "package": "fuchsia/prebuilt/bt-hci-virtual/debug-symbols-arm64",
        "version": "git_revision:5513af6b7366c3c3da1f8bcb90e0b81e7859f0aa",
        "instance_id": "WQ7lWA3z8Ma0c7IMg6N9SBBkHwKFmdfptTKAkUwegFoC"
    },
    {
        "package": "fuchsia/prebuilt/bt-hci-virtual/debug-symbols-riscv64",
        "version": "git_revision:5513af6b7366c3c3da1f8bcb90e0b81e7859f0aa",
        "instance_id": "X8-RfMkkyJ-mWWSQrITSYmSw5m3vzNpZDZgn43wi__4C"
    },
    {
        "package": "fuchsia/prebuilt/bt-hci-virtual/debug-symbols-x86_64",
        "version": "git_revision:5513af6b7366c3c3da1f8bcb90e0b81e7859f0aa",
        "instance_id": "5GqYPZdoKwk8ba58lDYBEMghx5wSLINOMwQrurugMVoC"
    },
    {
        "package": "fuchsia/prebuilt/bt-hci-virtual/riscv64",
        "version": "git_revision:5513af6b7366c3c3da1f8bcb90e0b81e7859f0aa",
        "instance_id": "Q3RRVwk_LSEqtCpmpmEbXRU3P1mY0GG7dNc6e1IEx4AC"
    },
    {
        "package": "fuchsia/prebuilt/bt-hci-virtual/x86_64",
        "version": "git_revision:5513af6b7366c3c3da1f8bcb90e0b81e7859f0aa",
        "instance_id": "i-XBTbKeeRhL7qDMGqJWGw6HBS69s5occjgbP7Ixz4IC"
    },
    {
        "package": "fuchsia/prebuilt/bt-host/arm64",
        "version": "git_revision:5513af6b7366c3c3da1f8bcb90e0b81e7859f0aa",
        "instance_id": "KsNaiMyGfvTvBTYUTnwxplX-Rgc6hcZwhvWikT6mFMoC"
    },
    {
        "package": "fuchsia/prebuilt/bt-host/debug-symbols-arm64",
        "version": "git_revision:5513af6b7366c3c3da1f8bcb90e0b81e7859f0aa",
        "instance_id": "igeg1su5-cLqFTxZTDp8Gt1bN2OZ_OKCKLngLZQDVeIC"
    },
    {
        "package": "fuchsia/prebuilt/bt-host/debug-symbols-riscv64",
        "version": "git_revision:5513af6b7366c3c3da1f8bcb90e0b81e7859f0aa",
        "instance_id": "U7m_yQkfqDzSvMaQBfmsv8bL8TUldR_7PeEAIQr6tOQC"
    },
    {
        "package": "fuchsia/prebuilt/bt-host/debug-symbols-x86_64",
        "version": "git_revision:5513af6b7366c3c3da1f8bcb90e0b81e7859f0aa",
        "instance_id": "FzMAsuYbsPo_Rc7JG_vI6yVsuvQAE2u5G6wiO3ofjkAC"
    },
    {
        "package": "fuchsia/prebuilt/bt-host/riscv64",
        "version": "git_revision:5513af6b7366c3c3da1f8bcb90e0b81e7859f0aa",
        "instance_id": "UNN1u2Ao1jf3A3NDAUSGNnf7I7RB18t_S7AlvwDh3jEC"
    },
    {
        "package": "fuchsia/prebuilt/bt-host/x86_64",
        "version": "git_revision:5513af6b7366c3c3da1f8bcb90e0b81e7859f0aa",
        "instance_id": "Z8Ijpp6StF6TImEhUqTL6I_mHMjipqfmdpECPO5o4c0C"
    },
    {
        "package": "fuchsia/prebuilt/third_party/firmware/vim3",
        "version": "u-boot:7963bb3826b86b0192a024876a33d3a62dc18c7e",
        "instance_id": "yJPx_up9lKoILOEHtaJ725oOfzvTsQk1892Rj9LfWSYC"
    },
    {
        "package": "fuchsia/sdk-samples/fortune-teller/debug-symbols-x64",
        "version": "git_revision:3e2ac06090d4bc2393a1e36894e572aa98ae0183",
        "instance_id": "_dLheFVBJTLUFeAZbzxlK1KkcI6EuInUxGDO7xytPWkC"
    },
    {
        "package": "fuchsia/sdk-samples/fortune-teller/x64",
        "version": "git_revision:3e2ac06090d4bc2393a1e36894e572aa98ae0183",
        "instance_id": "URXKlTWEl03cXkZ9X9S6ScXo_2ZJgmn-eubHwSp4FjoC"
    },
    {
        "package": "fuchsia/shac/linux-amd64",
        "version": "git_revision:e70a7440b3c646308ca115406ae33c5ce922afe7",
        "instance_id": "je7iRtmbKxsffrIfeJ-Y6pIA8UwUPtrVsxva2tYzdeUC"
    },
    {
        "package": "fuchsia/shac/linux-arm64",
        "version": "git_revision:e70a7440b3c646308ca115406ae33c5ce922afe7",
        "instance_id": "o8m6T1J33Rc4KlNEXeCeyt9CGaqBqHZJ3RK9yGpn5iIC"
    },
    {
        "package": "fuchsia/starnix/alpine-image-amd64",
        "version": "git_revision:4193c6607c2038a65b88f8aaee7af75d096c68d5",
        "instance_id": "nnbhJuYhFesAauq2mqkU4dWyhDWiyHZtsM2pqVBIAMUC"
    },
    {
        "package": "fuchsia/starnix/alpine-image-arm64",
        "version": "git_revision:4193c6607c2038a65b88f8aaee7af75d096c68d5",
        "instance_id": "_CDuV-9QTFq-U1zsW0P9Xz9_L7_iiI9HkpdufYxCoo8C"
    },
    {
        "package": "fuchsia/starnix/tests/syscalls/linux-amd64",
        "version": "g3-revision:fuchsia_starnix_tests_20260312_01_RC00",
        "instance_id": "wx7fD8esEXKwzYoqF8OI7UGSTdZZQ-_qMec5pLGnRbIC"
    },
    {
        "package": "fuchsia/starnix/tests/syscalls/linux-arm64",
        "version": "g3-revision:fuchsia_starnix_tests_20260312_01_RC00",
        "instance_id": "21U7PAymcO_vSN0MKvpIONPmqfrarf1mZ_Ms1Sfw6SsC"
    },
    {
        "package": "fuchsia/starnix/tests/syscalls/linux-debug-symbols-amd64",
        "version": "g3-revision:fuchsia_starnix_tests_20260312_01_RC00",
        "instance_id": "nfsZtVImlCfHuzhQuYs7DgqPX0IIBj0IACce11hnieYC"
    },
    {
        "package": "fuchsia/starnix/tests/syscalls/linux-debug-symbols-arm64",
        "version": "g3-revision:fuchsia_starnix_tests_20260312_01_RC00",
        "instance_id": "VKBzSaCWsdHwAJ-sZ7iJPFOlAjWK6gCfi_4l4VKIbWMC"
    },
    {
        "package": "fuchsia/test_data/debug/rust_test_data",
        "version": "git_revision:0bde25bf8504b8c90a15175ecf75a6a54053a692",
        "instance_id": "H6dgcHysGUr_f8GaR7KAuztuTzeYtqC1WOD8b4-ENoQC"
    },
    {
        "package": "fuchsia/test_data/debug/sample_core",
        "version": "version:20190627",
        "instance_id": "s8Wjz9UYMnN2NJN78-FNc6Bi7QpVOu6TGh6CE0qJwscC"
    },
    {
        "package": "fuchsia/test_data/symbolizer/symbols",
        "version": "version:20201110",
        "instance_id": "kbo0YXw8vcgPYmo77d_mklY0D5kUpwgysU-6pB0KdUAC"
    },
    {
        "package": "fuchsia/third_party/3pp/bazel/linux-amd64",
        "version": "version:2@8.5.1.8",
        "instance_id": "63eTgKRVOJlxgsxd1zeZzNq6qQVJmkbTnXvDVLj0dVYC"
    },
    {
        "package": "fuchsia/third_party/3pp/buildifier/linux-amd64",
        "version": "version:2@8.2.1.1",
        "instance_id": "Eh8fxT3qxNJYRbIUtc6gsR8VLrCmnWXogpFqH2l252AC"
    },
    {
        "package": "fuchsia/third_party/3pp/buildozer/linux-amd64",
        "version": "version:2@v8.0.2.1",
        "instance_id": "5nSOpOGhZCcYwcBZwdE-3GLMVC-Qkvkn_e2K7ZPC6UwC"
    },
    {
        "package": "fuchsia/third_party/3pp/dtsfmt/linux-amd64",
        "version": "version:2@0.8.0",
        "instance_id": "vNL1sqfN7JN-QPizy9YGiv20XZgD85l9jigbloZ6AMYC"
    },
    {
        "package": "fuchsia/third_party/3pp/dtsfmt/linux-arm64",
        "version": "version:2@0.8.0",
        "instance_id": "SoEe2OAI1iMYWosOEi867_EUawVl3M2cBL6Ye7UrhfAC"
    },
    {
        "package": "fuchsia/third_party/3pp/fsatrace/linux-amd64",
        "version": "version:2@293203db83ebf37e63bd5477daf5b26dc98f8667",
        "instance_id": "ECeS5hnhBMIivqjvx-ZjPX8m2-hklVfFmzNPAkrIojsC"
    },
    {
        "package": "fuchsia/third_party/3pp/gum/linux-amd64",
        "version": "version:2@0.16.0.1",
        "instance_id": "NvT8UXb5FPm9bsg8Svkx-OeCmWfyY_G0fN_sUc086kkC"
    },
    {
        "package": "fuchsia/third_party/3pp/gum/linux-arm64",
        "version": "version:2@0.16.0.1",
        "instance_id": "SwROJtz994HXjZ5XCbZBVZeGbPFIrY1FhkZNEs8d4_YC"
    },
    {
        "package": "fuchsia/third_party/3pp/iptables/linux-amd64",
        "version": "version:2@1.8.11.3",
        "instance_id": "GLxhc4g3K5Crp3KdIhXpHAfswlTBCqWCSsLjaLIvc1oC"
    },
    {
        "package": "fuchsia/third_party/3pp/iptables/linux-arm64",
        "version": "version:2@1.8.11.3",
        "instance_id": "CA9P7IyTULvLffZ1tPsIWRwpMlNC_Oi6bb8r_LloI-8C"
    },
    {
        "package": "fuchsia/third_party/3pp/mcp-language-server/linux-amd64",
        "version": "version:2@0.1.1.cr0",
        "instance_id": "hFTgVo_2yEhQoxqQABn7kcd_3sV1ohWd7CSVxQWbIHwC"
    },
    {
        "package": "fuchsia/third_party/android/aemu/release-gfxstream/linux-amd64",
        "version": "bid:13279406",
        "instance_id": "vyFeetWMDQWxFDexo-JnYBtKSDSYrUra2dry6AcWLcMC"
    },
    {
        "package": "fuchsia/third_party/android/aemu/release-gfxstream/linux-arm64",
        "version": "bid:13279406",
        "instance_id": "CPQ2X54BD8p7ZpVdAnjOBjojprTI0P2XkgYAdvlayCYC"
    },
    {
        "package": "fuchsia/third_party/android/aemu/release/linux-amd64",
        "version": "bid:12929531",
        "instance_id": "jP_XkBhTr0nPKWAi13sM1fAJvYL6VJjUyMNoaW_vOyEC"
    },
    {
        "package": "fuchsia/third_party/android/aemu/release/linux-arm64",
        "version": "bid:12929531",
        "instance_id": "fEOsCxnjW-g6y7cuvl0TUxRRVGMdSyHGCGdJpHPj8HsC"
    },
    {
        "package": "fuchsia/third_party/android/gbl/mainline",
        "version": "bid:14942092",
        "instance_id": "kIlKfWCzi1hjZM-ExNwu0F5BQf5PLGIUFrLmx0TkddQC"
    },
    {
        "package": "fuchsia/third_party/android/libsparse/release/linux-amd64",
        "version": "bid:13155864",
        "instance_id": "1XvyD9yGD2oc4DeZP-2I1WfxzNFx9_G3jymXclZok3kC"
    },
    {
        "package": "fuchsia/third_party/aosp_gki/virt",
        "version": "bid:13906628",
        "instance_id": "kTGf9yslZgbbciD1PqQ9cRSLOx9hdpuWtcqam7Wx13QC"
    },
    {
        "package": "fuchsia/third_party/bazel_workspacelogparser",
        "version": "version:2@7.0.0-pre.20231018.3.1",
        "instance_id": "HpKxt69R7MJT4KU3HqHjC86B3IihyI1a3PPmOYFNyC4C"
    },
    {
        "package": "fuchsia/third_party/binutils-gdb/linux-amd64",
        "version": "git_revision:b8a175b415454df6a039ba0b5d2ff13c3c180275",
        "instance_id": "Guq6fDaHRYI6eSJlkPKHCG0Xzp7uLP4BGSEu9mHHy10C"
    },
    {
        "package": "fuchsia/third_party/binutils-gdb/linux-arm64",
        "version": "git_revision:b8a175b415454df6a039ba0b5d2ff13c3c180275",
        "instance_id": "4LI_YHOf3nIQ7Thh3epX4AMMfUIjLE6yqsJG0P75u6QC"
    },
    {
        "package": "fuchsia/third_party/black/linux-amd64",
        "version": "version:2@23.10.0.1",
        "instance_id": "4qoXh0ci2TZuemXlmI-ijJrDxhf1M2sppgQQy5oysKEC"
    },
    {
        "package": "fuchsia/third_party/bloaty/linux-amd64",
        "version": "git_revision:c057ba4f43db0506d4ba8c096925b054b02a8bd3",
        "instance_id": "BcIwaUBd1OcCd8YmUtywVwcGr2u7mT5ju9YPdCxrKnwC"
    },
    {
        "package": "fuchsia/third_party/clang/linux-amd64",
        "version": "git_revision:d0ddae678e3f634c988542dfbdde1dd0afe66344",
        "instance_id": "hJustk3s_Ol90Eq8R_bzCqwtH6yuXVU0W949ULWVQssC"
    },
    {
        "package": "fuchsia/third_party/clang/linux-arm64",
        "version": "git_revision:d0ddae678e3f634c988542dfbdde1dd0afe66344",
        "instance_id": "PkjZg8JlGVUJYi_tvTKfz4z5eqkngp5bwbUKpiJTodkC"
    },
    {
        "package": "fuchsia/third_party/clang/mac-amd64",
        "version": "git_revision:d0ddae678e3f634c988542dfbdde1dd0afe66344",
        "instance_id": "-QGO73kjloT3zQXo_jmNP4dG7WkFc1KaOSqjx_WrMxwC"
    },
    {
        "package": "fuchsia/third_party/clang/mac-arm64",
        "version": "git_revision:d0ddae678e3f634c988542dfbdde1dd0afe66344",
        "instance_id": "llksV3w80LtFow92-mPLQhKbWmd4MSaYNfjCcXuocZYC"
    },
    {
        "package": "fuchsia/third_party/clang/windows-amd64",
        "version": "git_revision:d0ddae678e3f634c988542dfbdde1dd0afe66344",
        "instance_id": "OG09zIdRICFzaY0gFmrCLKn2KRJP2bNY8o_Yc59AMEwC"
    },
    {
        "package": "fuchsia/third_party/cmake/linux-amd64",
        "version": "git_revision:7a989a581c8da2fe9822096ee00b288c376b6117",
        "instance_id": "AEnIwkKFpf7xjgK79jleHisKBDIQFzt9wy5be7NJndUC"
    },
    {
        "package": "fuchsia/third_party/cmake/linux-arm64",
        "version": "git_revision:7a989a581c8da2fe9822096ee00b288c376b6117",
        "instance_id": "ECgu4IVD0mfJf8ZUXlXACxynjy8za9DPHMcSehfyCioC"
    },
    {
        "package": "fuchsia/third_party/cmake/windows-amd64",
        "version": "git_revision:7a989a581c8da2fe9822096ee00b288c376b6117",
        "instance_id": "YTJTgKI62qdpXhIIA8KCkNwX5Va1Tp86GtLpYlWCnC8C"
    },
    {
        "package": "fuchsia/third_party/crosvm/linux-amd64",
        "version": "git_revision:658cb3d31388c2904faec539dfc351fbbbc2c783",
        "instance_id": "oAS2nj3jghLe4xfr0jeXK7kDMUmQdDfDFf6CdW9b604C"
    },
    {
        "package": "fuchsia/third_party/crosvm/linux-arm64",
        "version": "git_revision:658cb3d31388c2904faec539dfc351fbbbc2c783",
        "instance_id": "h4OzrXqOasuR7IWg9Z_ilCgGvSLl79Eyg77hioE_dlwC"
    },
    {
        "package": "fuchsia/third_party/dtc/linux-amd64",
        "version": "version:2@1.7.0",
        "instance_id": "29uDPfr6gBVUo1lYuhFwXRsdHUoxVg7VLtZsDpqDVJgC"
    },
    {
        "package": "fuchsia/third_party/dtc/linux-arm64",
        "version": "version:2@1.7.0",
        "instance_id": "_XO_A1AvizIaeTeMlr3JYFaukR-PVGzPIOCAZSimLfQC"
    },
    {
        "package": "fuchsia/third_party/edk2",
        "version": "git_revision:16779ede2d366bfc6b702e817356ccf43425bcc8,5",
        "instance_id": "TfGjbhGrxzU0x2fYk8elEgwMTrvwe-3DSPTQe4gb0tMC"
    },
    {
        "package": "fuchsia/third_party/fargo/linux-amd64",
        "version": "git_revision:44d385e90564b7d626e57624d78261723438f512",
        "instance_id": "bif6SQpLpc6CJ270P_KCChfKhfs3L3JlspbEHCupViIC"
    },
    {
        "package": "fuchsia/third_party/fastboot/linux-amd64",
        "version": "git_revision:3aed5fd2f3c004205c3a31b54dfa802148ec563b",
        "instance_id": "2MY_HAUvXhsn0qufs5S7Sqg6nT06UKO_cRiw7GzjboIC"
    },
    {
        "package": "fuchsia/third_party/fonts",
        "version": "git_revision:b661b6ba3cd54bb79800f059bb2cfeb13b09f99e",
        "instance_id": "QMnMJTv4Vs4Tjn2nOTBlSIN6nIKRB4sAPG-qlPCssGAC"
    },
    {
        "package": "fuchsia/third_party/gcc/linux-amd64",
        "version": "git_revision:1a43136f0d2b5cb3472b106b4fa95c2ee5653f50,a00fddb175ff5cb9edef18beedfba38fc6fc6017",
        "instance_id": "rDGu6rQRILTfsmXufCtgvsZ5gh-V_Xh8zTksEJoL-vAC"
    },
    {
        "package": "fuchsia/third_party/gcc/linux-arm64",
        "version": "git_revision:1a43136f0d2b5cb3472b106b4fa95c2ee5653f50,a00fddb175ff5cb9edef18beedfba38fc6fc6017",
        "instance_id": "mIdLNOFoqZpMRYOlK8Eo0_2imx5sC_YWAbCYKhhIDc8C"
    },
    {
        "package": "fuchsia/third_party/grpcwebproxy/linux-amd64",
        "version": "git_revision:c71ae8fa744867b49f83d4c128a8facb96c9c848",
        "instance_id": "7etAvsKmomEDQWC68Mfpgq8Uq6_46fFuAl0LWy_FcnwC"
    },
    {
        "package": "fuchsia/third_party/jq/linux-amd64",
        "version": "git_revision:a17dd3248a666d01be75f6b16be37e80e20b0954",
        "instance_id": "tN0CPJbV2YwiOaYednM1g02wDkO-rJAKRCuRfwg6UKkC"
    },
    {
        "package": "fuchsia/third_party/jq/linux-arm64",
        "version": "git_revision:a17dd3248a666d01be75f6b16be37e80e20b0954",
        "instance_id": "B99d5H538hQqnU04lmWivDAc05SEgDkZIBH8oaeqyWcC"
    },
    {
        "package": "fuchsia/third_party/keep-sorted/linux-amd64",
        "version": "version:2@0.1.1.1",
        "instance_id": "-LFF45IJckhUsC2cQma1mP6ovYQtRwnyPpFfYlB4r08C"
    },
    {
        "package": "fuchsia/third_party/keep-sorted/linux-arm64",
        "version": "version:2@0.1.1.1",
        "instance_id": "aWXj9CPDrH5s2VNzZ8WDTm2qf88os_g0LU0RnC_TWaYC"
    },
    {
        "package": "fuchsia/third_party/lldb/linux-amd64",
        "version": "git_revision:0f61051f541a5b8cfce25c84262dfdbadb9ca688",
        "instance_id": "yQk8Y94nXQNEenHt7l5RWy0oHvRSo-Sg-t0aX5jMDzsC"
    },
    {
        "package": "fuchsia/third_party/lldb/linux-arm64",
        "version": "git_revision:0f61051f541a5b8cfce25c84262dfdbadb9ca688",
        "instance_id": "re_37_RlIkEPLha6oneEF-VV7OcqXMxDCBMAv0icYFUC"
    },
    {
        "package": "fuchsia/third_party/lldb/mac-amd64",
        "version": "git_revision:0f61051f541a5b8cfce25c84262dfdbadb9ca688",
        "instance_id": "liIDzD-wFP0rvMr3YQfxryJC7ELGkc36RY1_8ZHLjDsC"
    },
    {
        "package": "fuchsia/third_party/lldb/mac-arm64",
        "version": "git_revision:0f61051f541a5b8cfce25c84262dfdbadb9ca688",
        "instance_id": "0ADEC8j_JUPU2Vevoq80Nv7rYiZ8HOe0cotSPKEnV30C"
    },
    {
        "package": "fuchsia/third_party/llvm/fuchsia-amd64",
        "version": "git_revision:5891d2c6e70db348cd7fab759bc03e85939a4601,30.20260127.4.1",
        "instance_id": "bmEMNLnmf0vfbtQ8zyqNgFUzR2oHDjag_oEpEL3lPN4C"
    },
    {
        "package": "fuchsia/third_party/llvm/fuchsia-arm64",
        "version": "git_revision:5891d2c6e70db348cd7fab759bc03e85939a4601,30.20260127.4.1",
        "instance_id": "PLU75839RSE31O9rU0ZQLysnjiIS27jMyJT0FqiZLpYC"
    },
    {
        "package": "fuchsia/third_party/llvm/linux-amd64",
        "version": "git_revision:2bf92787dfa5e59bfbc62edd397ecff051991ed3",
        "instance_id": "JiznyOpxmjgrss40z4sF1tykIxFMaNvJlzipV6he65IC"
    },
    {
        "package": "fuchsia/third_party/llvm/linux-arm64",
        "version": "git_revision:2bf92787dfa5e59bfbc62edd397ecff051991ed3",
        "instance_id": "RzTlTepFEDhKahYepE3mIDfR2keF-vp2y-if_c7lnm8C"
    },
    {
        "package": "fuchsia/third_party/llvm/mac-amd64",
        "version": "git_revision:2bf92787dfa5e59bfbc62edd397ecff051991ed3",
        "instance_id": "tsqMT0n53B6prbCzGwARDMV69eaVyZsYVZcbeEewyk4C"
    },
    {
        "package": "fuchsia/third_party/llvm/mac-arm64",
        "version": "git_revision:2bf92787dfa5e59bfbc62edd397ecff051991ed3",
        "instance_id": "arA4EAz9T1LoiUvCI8JEYRxi0KtM1rg15q2zQHqDtXoC"
    },
    {
        "package": "fuchsia/third_party/ninja/linux-amd64",
        "version": "git_revision:8ffce4dbe12ce518cb21c70c4058039e737be28c",
        "instance_id": "ClhsMXa-bSioPwO8lnbJlSBEabbJaCdmE78Q5x4WVsAC"
    },
    {
        "package": "fuchsia/third_party/ninja/linux-arm64",
        "version": "git_revision:8ffce4dbe12ce518cb21c70c4058039e737be28c",
        "instance_id": "2jCqpXMyWaUvX_waVfJ9BjHVGiL-6iANB-u91s6_-TgC"
    },
    {
        "package": "fuchsia/third_party/ninja/windows-amd64",
        "version": "git_revision:8ffce4dbe12ce518cb21c70c4058039e737be28c",
        "instance_id": "bacI8FMbyXnNcvwPfMSAVXqJtiS0WEj9mCJvg9b0XmkC"
    },
    {
        "package": "fuchsia/third_party/openssh-portable/linux-amd64",
        "version": "version:2@9.1",
        "instance_id": "shdUvkWq4PwSHlMJtlf9W3tbxh_rUomHSbhwk6_UoUAC"
    },
    {
        "package": "fuchsia/third_party/openssh-portable/linux-arm64",
        "version": "version:2@9.1",
        "instance_id": "56gf7ew5kOwf7wO89-nI4rQHuUmQkoWShhQFRz8NfpsC"
    },
    {
        "package": "fuchsia/third_party/pigz/linux-amd64",
        "version": "version:2@2.7",
        "instance_id": "HeZ0sn9eRGabF7xjgwN0mtj6zIoLGquSew6bcXZeMKYC"
    },
    {
        "package": "fuchsia/third_party/pigz/linux-arm64",
        "version": "version:2@2.7",
        "instance_id": "dOBsjt7xCf-ysddiQUOUFkbfnwYTiZJS7wmsu0h3suAC"
    },
    {
        "package": "fuchsia/third_party/qemu/linux-amd64",
        "version": "git_revision:ae35f033b874c627d81d51070187fbf55f0bf1a7",
        "instance_id": "BQMJW6vmMgA_KYEdk7AsZccfZbcpImV3sswiLttdrR8C"
    },
    {
        "package": "fuchsia/third_party/qemu/linux-arm64",
        "version": "git_revision:ae35f033b874c627d81d51070187fbf55f0bf1a7",
        "instance_id": "MDf3sCxn9kct3Tg1oVRHch1hkzO6-9qZZFBRPT6jDuoC"
    },
    {
        "package": "fuchsia/third_party/rust-analyzer/linux-amd64",
        "version": "git_revision:fa4ef83727d8dbcf61bf164345c9f0f5491039b6",
        "instance_id": "OvfXqrVG46IqJoRB3n6CZV2dP-SgmBZtq_HAoju83JcC"
    },
    {
        "package": "fuchsia/third_party/rust-analyzer/mac-amd64",
        "version": "git_revision:fa4ef83727d8dbcf61bf164345c9f0f5491039b6",
        "instance_id": "0KdOl2bmBO2l5ZJtBAQCAcZg-OMAF-dG2fHlg4mR57kC"
    },
    {
        "package": "fuchsia/third_party/rust/host/linux-amd64",
        "version": "git_revisions:e3d66fe39ae70380fa2365c008e2927479114844,d0ddae678e3f634c988542dfbdde1dd0afe66344",
        "instance_id": "11TJ45oNawvxK4hrmApfJipuAccfCXY8P39OQfk50X8C"
    },
    {
        "package": "fuchsia/third_party/rust/host/linux-arm64",
        "version": "git_revisions:e3d66fe39ae70380fa2365c008e2927479114844,d0ddae678e3f634c988542dfbdde1dd0afe66344",
        "instance_id": "WNsjLPomF-fDwxfSWqEMzBIa2mqwT-xo1PJj1qmwGu4C"
    },
    {
        "package": "fuchsia/third_party/rust/host/mac-amd64",
        "version": "git_revisions:e3d66fe39ae70380fa2365c008e2927479114844,d0ddae678e3f634c988542dfbdde1dd0afe66344",
        "instance_id": "cvtpovhcRI1Ae8KhC-d6r-sL3vq7rH_4YfmoZuKKs0gC"
    },
    {
        "package": "fuchsia/third_party/rust/host/mac-arm64",
        "version": "git_revisions:e3d66fe39ae70380fa2365c008e2927479114844,d0ddae678e3f634c988542dfbdde1dd0afe66344",
        "instance_id": "hD1NjQy7rSpRPZrJgLsLN8TswOrBKoQJS-qE4dzD1PIC"
    },
    {
        "package": "fuchsia/third_party/rust/host/windows-amd64",
        "version": "git_revisions:e3d66fe39ae70380fa2365c008e2927479114844,d0ddae678e3f634c988542dfbdde1dd0afe66344",
        "instance_id": "Ve60DrGM-FXp9-pigu_cDat6k1Fgphnhj_v7dYd4piwC"
    },
    {
        "package": "fuchsia/third_party/rust/target/aarch64-apple-darwin",
        "version": "git_revisions:e3d66fe39ae70380fa2365c008e2927479114844,d0ddae678e3f634c988542dfbdde1dd0afe66344",
        "instance_id": "bhqb_mLXDlhWUQ6NA7VBMRrXDATQO_90cGkxDX-MNUwC"
    },
    {
        "package": "fuchsia/third_party/rust/target/aarch64-unknown-linux-gnu",
        "version": "git_revisions:e3d66fe39ae70380fa2365c008e2927479114844,d0ddae678e3f634c988542dfbdde1dd0afe66344",
        "instance_id": "a5gibcMYEykQGulJQh0PG89RYIPjPrANtoNT_7WMNX4C"
    },
    {
        "package": "fuchsia/third_party/rust/target/fuchsia",
        "version": "git_revisions:e3d66fe39ae70380fa2365c008e2927479114844,d0ddae678e3f634c988542dfbdde1dd0afe66344",
        "instance_id": "QXHhx3RLkHYj13FFdzvCqnrPkRjhc_JGwnRoR6MoQBAC"
    },
    {
        "package": "fuchsia/third_party/rust/target/riscv64gc-unknown-linux-gnu",
        "version": "git_revisions:e3d66fe39ae70380fa2365c008e2927479114844,d0ddae678e3f634c988542dfbdde1dd0afe66344",
        "instance_id": "aGczdkrgaOtce5A5_YZa78ibmmcaap9J2xLNNAkxHtIC"
    },
    {
        "package": "fuchsia/third_party/rust/target/wasm32-unknown-unknown",
        "version": "git_revision:8c0b4f67c9b4bf477df38c16669fd576d46a2b3d",
        "instance_id": "OvR9WVwRTThTxlHFNVjrLD456ZYXDfBf7jbXv2-GKbIC"
    },
    {
        "package": "fuchsia/third_party/rust/target/x86_64-apple-darwin",
        "version": "git_revisions:e3d66fe39ae70380fa2365c008e2927479114844,d0ddae678e3f634c988542dfbdde1dd0afe66344",
        "instance_id": "rPyto6JVdZvwNP96EIfOqdslvMTsERJlihJEJ4KKBPgC"
    },
    {
        "package": "fuchsia/third_party/rust/target/x86_64-unknown-linux-gnu",
        "version": "git_revisions:e3d66fe39ae70380fa2365c008e2927479114844,d0ddae678e3f634c988542dfbdde1dd0afe66344",
        "instance_id": "lxvKL0ovMO4pxeBxcc9BGwc9s-sup14qhxEv5j5t8WwC"
    },
    {
        "package": "fuchsia/third_party/rust_bindgen/linux-amd64",
        "version": "git_revision:b7b501feb2642b6ac3796f8c5f2a1461640a2a67",
        "instance_id": "DNRZbGjmFEtMKO-QOwJ1g-yhVRCXrgKH2PjtA9W0OM8C"
    },
    {
        "package": "fuchsia/third_party/rust_bindgen/mac-amd64",
        "version": "git_revision:b7b501feb2642b6ac3796f8c5f2a1461640a2a67",
        "instance_id": "KrtoTP_p27j1PAUDGHEyEZmGtDsf1TML6IAV8jqHTNIC"
    },
    {
        "package": "fuchsia/third_party/rust_bindgen/mac-arm64",
        "version": "git_revision:b7b501feb2642b6ac3796f8c5f2a1461640a2a67",
        "instance_id": "7G5LVrJmYLNMBK5M580c_w6jOtgro36aeAmoH8EGasoC"
    },
    {
        "package": "fuchsia/third_party/rust_cargo_outdated/linux-amd64",
        "version": "git_revision:c9977daecbc836f3609fb3512cdc2985230d46b0",
        "instance_id": "kvFKX_Dhtr5jB-YMtmM16d3PvyxjdVivzPqaFrnjhMwC"
    },
    {
        "package": "fuchsia/third_party/starnix/fuse-overlayfs-amd64",
        "version": "version:746960bdbe1b9abed91b8224d186941d5510a223",
        "instance_id": "xoZxhWge-l7vyaV6k6ykdWbxOwzQ_Jq0-T0DZrCwCu0C"
    },
    {
        "package": "fuchsia/third_party/starnix/fuse-overlayfs-arm64",
        "version": "version:746960bdbe1b9abed91b8224d186941d5510a223",
        "instance_id": "vkPxpb-eQyLUERBn4IzScH7hhjrJbz6BRajhZNYT7DAC"
    },
    {
        "package": "fuchsia/third_party/starnix/linux-amd64",
        "version": "version:debian-sid-glibc-2.41-6",
        "instance_id": "sj2p7OFlbalx4_oTTGZ6R5WafRTd6i2Huwh5eh8weT8C"
    },
    {
        "package": "fuchsia/third_party/starnix/linux-arm64",
        "version": "version:debian-sid-glibc-2.41-6",
        "instance_id": "XlgMMyjZDbygAmoY3CU3dZaZzsuYHqInQNrxIMP6E7wC"
    },
    {
        "package": "fuchsia/third_party/starnix/linux-armhf",
        "version": "version:debian-sid-glibc-2.41-6",
        "instance_id": "4zOpyeHOJaqzi_qkRGUfvhq86QWlGj2GwBwgMYeem0sC"
    },
    {
        "package": "fuchsia/third_party/starnix/linux-debug-symbols-amd64",
        "version": "version:debian-sid-glibc-2.41-6",
        "instance_id": "olfmDffeBgoit6p6l8ByUNcO5DGkCiPTsy1qUg4EES4C"
    },
    {
        "package": "fuchsia/third_party/starnix/linux-debug-symbols-arm64",
        "version": "version:debian-sid-glibc-2.41-6",
        "instance_id": "_Brl6WMJhZE2HG87D-cMYtEQVN3-42s9NP_InrcOVkEC"
    },
    {
        "package": "fuchsia/third_party/starnix/linux-debug-symbols-armhf",
        "version": "version:debian-sid-glibc-2.41-6",
        "instance_id": "oWAausuoXIGDMcZRTFCTbgVFvBxPwvxkS3AqCpVofbcC"
    },
    {
        "package": "fuchsia/third_party/starnix/linux-debug-symbols-riscv64",
        "version": "version:debian-sid-glibc-2.41-6",
        "instance_id": "J376GUPYgeargp7QFQ6z0DKcEwbFNf2qL6MPNlBMl5wC"
    },
    {
        "package": "fuchsia/third_party/starnix/linux-riscv64",
        "version": "version:debian-sid-glibc-2.41-6",
        "instance_id": "TGTW6s2766o8VxviIaCR0nzgP1SV9YMAEoyo4ctH4pEC"
    },
    {
        "package": "fuchsia/third_party/sysroot/focal",
        "version": "git_revision:702eb9654703a7cec1cadf93a7e3aa269d053943",
        "instance_id": "36GE6RRPhBro9QANUYSjlnT6upqJkOkkJfTcmryCunQC"
    },
    {
        "package": "fuchsia/third_party/sysroot/linux",
        "version": "git_revision:cf821ee2dbc2ed61dfc25a814dcc8d090f9fda03",
        "instance_id": "dCkoVcYlgGIP_pmR61ZMIrSDgdrV81BtxcPeTRuyqlUC"
    },
    {
        "package": "fuchsia/third_party/tzres",
        "version": "version:2024a",
        "instance_id": "GtoH36uX4w1e7kci8yDflYfIDrs4D_rEEiQJPiMlvmoC"
    },
    {
        "package": "fuchsia/third_party/ucd",
        "version": "version:12.1.0rc1",
        "instance_id": "LQsbST4YT4horZnrcDCB8mkli3_FiCqudYrVN_5YPFgC"
    },
    {
        "package": "fuchsia/third_party/vulkan_runtime/linux-amd64",
        "version": "build_config:ac2f8ba8ed2d607042d92d62aa72ba5b4bf4ef4bcd1f56322fb279780f27d6bc",
        "instance_id": "uD8TZ08psIxv05JJjgMQb2FIskLx8PCF4HEDN0NKw8kC"
    },
    {
        "package": "fuchsia/third_party/zoneinfo",
        "version": "version:2024a",
        "instance_id": "z6XB8XrWSg3ojZNtJGK_h27N-zLKDVi73_9ZopJs2JcC"
    },
    {
        "package": "fuchsia/tools/breakpad/linux-amd64",
        "version": "git_revision:e35d1d09ae73eb18e28d11881ec724c279964991",
        "instance_id": "oVkFuqldVVnPurUHyzbUxnnaXdKbpy5g8G2tfmKs2HUC"
    },
    {
        "package": "fuchsia/tools/buildidtool/linux-amd64",
        "version": "git_revision:7ca22c44fa2bd62630ebe2734db14628436d6560",
        "instance_id": "lWZU7Ec0l6zFLTwAGLt4rcNDLn288YZfjCFNJMVoKDoC"
    },
    {
        "package": "fuchsia/tools/buildstats/linux-amd64",
        "version": "git_revision:7ca22c44fa2bd62630ebe2734db14628436d6560",
        "instance_id": "Fk5h5rMU9JuwBwkHzjRf-SHWIZh81k4iHePQbjCOaeYC"
    },
    {
        "package": "fuchsia/tools/cgpt/linux-amd64",
        "version": "git_revision:1d2e3387ad0b8137b053afc7c9475a10277ed095",
        "instance_id": "L7fhFeYI-mnW1WkAHOS8Cw1BSCTdZu-IaeNqmjn7jYcC"
    },
    {
        "package": "fuchsia/tools/futility/linux-amd64",
        "version": "git_revision:39d673794822ba4cb96a3cc007dbd4fe9b70d0e5",
        "instance_id": "0BAbIbIrrIrDpMreOQbHfou7IC_q8OAk3QLuidPe03YC"
    },
    {
        "package": "fuchsia/tools/ninjatrace/linux-amd64",
        "version": "git_revision:f81450147e05d39b1bd616e61a56d9b06a81b647",
        "instance_id": "n-KYS3Vypo2NTNqiCx2xHYKwg4RR4BPiZOrqzSNqhHQC"
    },
    {
        "package": "fuchsia/tools/rsclient/linux-amd64",
        "version": "git_revision:3b459ef2950c894e5d8d801d399efef002ec51e4",
        "instance_id": "my9Y2HDqB6bIx2g0_HJGjDgs7oJhRAK5tcbCAzrzI3oC"
    },
    {
        "package": "fuchsia_internal/firmware/bluetooth/broadcom",
        "version": "version:021",
        "instance_id": "Z1VL0wuKlmcJnvblwQQ5cs_Ng3UvYvl98H0xs3CrHFAC"
    },
    {
        "package": "fuchsia_internal/firmware/bluetooth/qualcomm_atheros",
        "version": "git_revision:7b5835fd37630d18ac0c755329172f6a17c1af29",
        "instance_id": "b305ffcc0e7a340159203536e26ba58e6e987c94"
    },
    {
        "package": "fuchsia_internal/firmware/intel-adsp-sst",
        "version": "git_revision:4c0bf113a55975d702673e57c5542f150807ad66",
        "instance_id": "NC0gy5Ej51GElpWUQXzO6Q1d5hPLV4Z4c1mbhDLuhfcC"
    },
    {
        "package": "fuchsia_internal/firmware/wlan/broadcom/brcmfmac",
        "version": "version:35.1",
        "instance_id": "LwlEPv_9dJIqQOMOqjVkDOfFgTtPhkDUIT1aZPkyNNIC"
    },
    {
        "package": "fuchsia_internal/firmware/wlan/synaptics/synadhd",
        "version": "version:5",
        "instance_id": "rJ0xTp3YVMcmpTPUxwL-3m7LrHvJ3nfsnRRh7O6PFbgC"
    },
    {
        "package": "fuchsia_internal/linux/performance_image",
        "version": "revision:d21e6776",
        "instance_id": "14-W99UZHAAk7sJkZ6AR266JDjhjma0ZMr4P-gK_dG8C"
    },
    {
        "package": "fuchsia_internal/test_data/debug/large_test_data",
        "version": "git_revision:e51da43d6a6e10bea4669473a477f13bac9b8652",
        "instance_id": "Gjd86_YdwJc8GHpKJVukLdyrNoyYsIBtyIAmcuDQSJQC"
    },
    {
        "package": "gn/gn/linux-amd64",
        "version": "git_revision:382e68c6db30e7061e5898c14574aed4c9be7079",
        "instance_id": "xGth6ZBPecERDg7NQ3SnaiYTOKsQfBbvlh58FRrknToC"
    },
    {
        "package": "gn/gn/linux-arm64",
        "version": "git_revision:382e68c6db30e7061e5898c14574aed4c9be7079",
        "instance_id": "mJ_RupgCIgDzrjWGwVMXzo6Y_J2ZapEtuIvkMi7aSLcC"
    },
    {
        "package": "infra/3pp/tools/cpython3/linux-amd64",
        "version": "version:2@3.11.3.chromium.29",
        "instance_id": "3ywmFUOaOaFOgNvtlG9w1GSzYXssvcYo2UvqnTfZsNsC"
    },
    {
        "package": "infra/3pp/tools/cpython3/linux-arm64",
        "version": "version:2@3.11.3.chromium.29",
        "instance_id": "0qXKGBfVL46r9dvOdXb3MG9qiTF9uyoqOldOM5_K1BoC"
    },
    {
        "package": "infra/python/wheels/protobuf-py3",
        "version": "version:6.33.0",
        "instance_id": "cutiHuc7faTiBiWvoTtbsp9AHAaErwYjxnmf4Gm90OAC"
    },
    {
        "package": "infra/rbe/client/linux-amd64",
        "version": "re_client_version:0.185.0.db415f21-gomaip",
        "instance_id": "ADvz6sQzvQcUUOl6LmYz9_kwRoKMi-QopcOTjGPdF2QC"
    },
    {
        "package": "infra/tools/bb/linux-amd64",
        "version": "git_revision:fc0fb512c4fe61e6fc43caefe7c4c759f83274a6",
        "instance_id": "WAK8C3BKDe9mEUBkLHeOjbOjyyzo2cTiswcIM0ReQ-0C"
    },
    {
        "package": "infra/tools/bb/linux-arm64",
        "version": "git_revision:fc0fb512c4fe61e6fc43caefe7c4c759f83274a6",
        "instance_id": "MTFrpF7aGRnk4mR5qdDzzidKUDV0ZU1CBhB6Q6UACtsC"
    },
    {
        "package": "infra/tools/luci/cas/linux-amd64",
        "version": "git_revision:fc0fb512c4fe61e6fc43caefe7c4c759f83274a6",
        "instance_id": "8lxioJpHwT0IklndLARu4Snl52F2bQfzWm2QSIojvWcC"
    },
    {
        "package": "infra/tools/luci/cas/linux-arm64",
        "version": "git_revision:fc0fb512c4fe61e6fc43caefe7c4c759f83274a6",
        "instance_id": "3qDBfXc3hGUjG3DUufNBpP0o_hFmTwwopVlm6tRSJIIC"
    },
    {
        "package": "infra/tools/luci/gsutil/linux-amd64",
        "version": "git_revision:fc0fb512c4fe61e6fc43caefe7c4c759f83274a6",
        "instance_id": "EW8Dmm_5jwddQFU7ZFdcRGtRjAEHf2L-BJoOpkfyOswC"
    },
    {
        "package": "infra/tools/luci/gsutil/linux-arm64",
        "version": "git_revision:fc0fb512c4fe61e6fc43caefe7c4c759f83274a6",
        "instance_id": "WqQy-4NSALO-LG27u1I_HLQNI7rbnXjcexHKW0BnsYUC"
    },
    {
        "package": "infra/tools/luci/logdog/logdog/linux-amd64",
        "version": "git_revision:fc0fb512c4fe61e6fc43caefe7c4c759f83274a6",
        "instance_id": "nMgeahInsxRwkulmEvGwq7_1HKHmZi_GWXhDVTrU9I4C"
    },
    {
        "package": "infra/tools/luci/logdog/logdog/linux-arm64",
        "version": "git_revision:fc0fb512c4fe61e6fc43caefe7c4c759f83274a6",
        "instance_id": "5GQKOPBmfnIpACBDzMjR-9cXxwt5ie0V22O642XQIwAC"
    },
    {
        "package": "infra/tools/luci/vpython3/linux-amd64",
        "version": "git_revision:d29aedef008537a54ca177ec0a7933a2f06aa90c",
        "instance_id": "3o3XGLlfd2yeAAURzdahuWiH8wG2AJ3EXFPeHA7OHz8C"
    },
    {
        "package": "infra/tools/luci/vpython3/linux-arm64",
        "version": "git_revision:d29aedef008537a54ca177ec0a7933a2f06aa90c",
        "instance_id": "ArloyGWzYTEydPwV_UtasYfuwjtJPjILqml-cFXrIV8C"
    },
    {
        "package": "perfetto/trace_processor_shell/linux-amd64",
        "version": "git_tag:v54.0",
        "instance_id": "ISU42NDoqmScfBWWPskfet2I8OCGONZV0XlbO1q68tcC"
    }
]